
Microsoft Visual Studio Solution File, Format Version 12.00
# Visual Studio Version 17
VisualStudioVersion = 17.2.32630.192
MinimumVisualStudioVersion = 10.0.40219.1
Project("{9A19103F-16F7-4668-BE54-9A1E7A4F7556}") = "R5T.L0040", "R5T.L0040\R5T.L0040.csproj", "{90E696C2-656E-4BC3-B454-4C1D3E4F3A0E}"
EndProject
Project("{9A19103F-16F7-4668-BE54-9A1E7A4F7556}") = "R5T.L0040.T000", "R5T.L0040.T000\R5T.L0040.T000.csproj", "{4E567E9E-BB4C-4873-9EE8-6F9AFEA2A22C}"
EndProject
Project("{2150E333-8FDC-42A3-9474-1A3956D46DE8}") = "_Dependencies", "_Dependencies", "{35AA2A7A-9B83-4495-82FD-A48A6A59D69F}"
EndProject
Project("{9A19103F-16F7-4668-BE54-9A1E7A4F7556}") = "R5T.F0000", "..\..\R5T.F0000\source\R5T.F0000\R5T.F0000.csproj", "{AF36E4E7-5BCD-4225-BCD5-E2D38FAF81FE}"
EndProject
Project("{9A19103F-16F7-4668-BE54-9A1E7A4F7556}") = "R5T.F0002", "..\..\R5T.F0002\source\R5T.F0002\R5T.F0002.csproj", "{C00DB4FF-C937-41FF-95A1-52ACFD3D2DA0}"
EndProject
Project("{9A19103F-16F7-4668-BE54-9A1E7A4F7556}") = "R5T.F0120", "..\..\R5T.F0120\source\R5T.F0120\R5T.F0120.csproj", "{DB16C945-8B5C-4C79-B22A-DDDB0C0F4D0A}"
EndProject
Project("{9A19103F-16F7-4668-BE54-9A1E7A4F7556}") = "R5T.F0124", "..\..\R5T.F0124\source\R5T.F0124\R5T.F0124.csproj", "{0185E787-6190-4280-8B48-DC1F8A29BBEB}"
EndProject
Project("{9A19103F-16F7-4668-BE54-9A1E7A4F7556}") = "R5T.F0125", "..\..\R5T.F0125\source\R5T.F0125\R5T.F0125.csproj", "{65E43554-FE69-40B9-A2B0-78801535A624}"
EndProject
Project("{9A19103F-16F7-4668-BE54-9A1E7A4F7556}") = "R5T.L0030.T000", "..\..\R5T.L0030\source\R5T.L0030.T000\R5T.L0030.T000.csproj", "{F6792345-8D38-4A57-A3CE-ED2D4E69E0CB}"
EndProject
Project("{9A19103F-16F7-4668-BE54-9A1E7A4F7556}") = "R5T.L0030", "..\..\R5T.L0030\source\R5T.L0030\R5T.L0030.csproj", "{4A51F987-2478-4B19-B581-D297E7B2722C}"
EndProject
Project("{9A19103F-16F7-4668-BE54-9A1E7A4F7556}") = "R5T.L0034", "..\..\R5T.L0034\source\R5T.L0034\R5T.L0034.csproj", "{31667EF0-2ED1-493C-83E9-DB7208136366}"
EndProject
Project("{9A19103F-16F7-4668-BE54-9A1E7A4F7556}") = "R5T.L0035", "..\..\R5T.L0035\source\R5T.L0035\R5T.L0035.csproj", "{07EDF349-9376-4F5B-8855-E0B30C2DFD6D}"
EndProject
Project("{9A19103F-16F7-4668-BE54-9A1E7A4F7556}") = "R5T.T0131", "..\..\R5T.T0131\source\R5T.T0131\R5T.T0131.csproj", "{88C46927-13CB-479C-A858-CA149982DB20}"
EndProject
Project("{9A19103F-16F7-4668-BE54-9A1E7A4F7556}") = "R5T.T0132", "..\..\R5T.T0132\source\R5T.T0132\R5T.T0132.csproj", "{110C4BBB-CFA1-46D6-98D0-3880A64A6B6E}"
EndProject
Project("{9A19103F-16F7-4668-BE54-9A1E7A4F7556}") = "R5T.T0142", "..\..\R5T.T0142\source\R5T.T0142\R5T.T0142.csproj", "{009550EE-F8FB-4D52-A00D-782ECDE53E61}"
EndProject
Project("{9A19103F-16F7-4668-BE54-9A1E7A4F7556}") = "R5T.T0143", "..\..\R5T.T0143\source\R5T.T0143\R5T.T0143.csproj", "{032D4F61-1C01-46C2-8BC6-5D8945697872}"
EndProject
Project("{9A19103F-16F7-4668-BE54-9A1E7A4F7556}") = "R5T.T0156", "..\..\R5T.T0156\source\R5T.T0156\R5T.T0156.csproj", "{C56867CC-B5D7-4952-96EA-2AB9436558B3}"
EndProject
Project("{9A19103F-16F7-4668-BE54-9A1E7A4F7556}") = "R5T.T0174", "..\..\R5T.T0174\source\R5T.T0174\R5T.T0174.csproj", "{3DDDFD70-AEB3-48EA-B1B6-7345ADEE5839}"
EndProject
Project("{9A19103F-16F7-4668-BE54-9A1E7A4F7556}") = "R5T.T0176", "..\..\R5T.T0176\source\R5T.T0176\R5T.T0176.csproj", "{A0720C77-2CEA-4D6B-9DE5-E8EC669DA891}"
EndProject
Project("{9A19103F-16F7-4668-BE54-9A1E7A4F7556}") = "R5T.T0177", "..\..\R5T.T0177\source\R5T.T0177\R5T.T0177.csproj", "{55DDD51A-948D-483A-9EB3-F59F153FF6E6}"
EndProject
Project("{9A19103F-16F7-4668-BE54-9A1E7A4F7556}") = "R5T.T0178", "..\..\R5T.T0178\source\R5T.T0178\R5T.T0178.csproj", "{879B9014-5A3C-4BA6-9208-7C36AE7B200A}"
EndProject
Project("{9A19103F-16F7-4668-BE54-9A1E7A4F7556}") = "R5T.T0179", "..\..\R5T.T0179\source\R5T.T0179\R5T.T0179.csproj", "{4D0F69D7-3248-41F9-9E26-03317A5F8A26}"
EndProject
Project("{9A19103F-16F7-4668-BE54-9A1E7A4F7556}") = "R5T.T0180", "..\..\R5T.T0180\source\R5T.T0180\R5T.T0180.csproj", "{147917C7-63E3-4CDE-870D-5C2B241C034B}"
EndProject
Project("{9A19103F-16F7-4668-BE54-9A1E7A4F7556}") = "R5T.T0181", "..\..\R5T.T0181\source\R5T.T0181\R5T.T0181.csproj", "{306FAF15-3107-4995-A8C5-9DBB29E93BFF}"
EndProject
Project("{9A19103F-16F7-4668-BE54-9A1E7A4F7556}") = "R5T.Y0000", "..\..\R5T.Y0000\source\R5T.Y0000\R5T.Y0000.csproj", "{91538B2B-F3A1-4E18-998F-593A98AC3C5E}"
EndProject
Project("{9A19103F-16F7-4668-BE54-9A1E7A4F7556}") = "R5T.Z0000", "..\..\R5T.Z0000\source\R5T.Z0000\R5T.Z0000.csproj", "{A77EA3D1-3B0D-45DA-A9DA-6D58C3E8AFAA}"
EndProject
Project("{9A19103F-16F7-4668-BE54-9A1E7A4F7556}") = "R5T.T0137", "..\..\R5T.T0137\source\R5T.T0137\R5T.T0137.csproj", "{16B4FBB9-66A6-42A6-8068-D5C23A39E539}"
EndProject
Project("{9A19103F-16F7-4668-BE54-9A1E7A4F7556}") = "R5T.NG0006", "..\..\R5T.NG0006\source\R5T.NG0006\R5T.NG0006.csproj", "{74EFA743-831E-4924-ADD4-984F0B5E9483}"
EndProject
Project("{9A19103F-16F7-4668-BE54-9A1E7A4F7556}") = "R5T.T0150", "..\..\R5T.T0150\source\R5T.T0150\R5T.T0150.csproj", "{1303419C-B1BE-4688-B1B6-78C5E975A99A}"
EndProject
Project("{9A19103F-16F7-4668-BE54-9A1E7A4F7556}") = "R5T.T0151", "..\..\R5T.T0151\source\R5T.T0151\R5T.T0151.csproj", "{7CBB1387-3F98-4DE6-AE7C-B08DDCC75D41}"
EndProject
Project("{9A19103F-16F7-4668-BE54-9A1E7A4F7556}") = "R5T.T0158", "..\..\R5T.T0158\source\R5T.T0158\R5T.T0158.csproj", "{81A5E672-D914-4383-9F1D-BC1010D46962}"
EndProject
Project("{9A19103F-16F7-4668-BE54-9A1E7A4F7556}") = "R5T.T0159", "..\..\R5T.T0159\source\R5T.T0159\R5T.T0159.csproj", "{4DF7F874-F23F-4999-B2FB-B1591337ECC2}"
EndProject
Project("{9A19103F-16F7-4668-BE54-9A1E7A4F7556}") = "R5T.T0172", "..\..\R5T.T0172\source\R5T.T0172\R5T.T0172.csproj", "{1CF118E1-42A5-43DA-9C66-298EC638B43C}"
EndProject
Project("{9A19103F-16F7-4668-BE54-9A1E7A4F7556}") = "R5T.T0185", "..\..\R5T.T0185\source\R5T.T0185\R5T.T0185.csproj", "{0B8ABEF6-DBD8-490E-9672-7A4026DC1EDD}"
EndProject
Project("{9A19103F-16F7-4668-BE54-9A1E7A4F7556}") = "R5T.T0187", "..\..\R5T.T0187\source\R5T.T0187\R5T.T0187.csproj", "{8F8B885A-1F46-4267-9D8C-76C866F75F53}"
EndProject
Project("{9A19103F-16F7-4668-BE54-9A1E7A4F7556}") = "R5T.T0194", "..\..\R5T.T0194\source\R5T.T0194\R5T.T0194.csproj", "{599B8EAA-0F63-4F00-A4C4-BDC5337214B5}"
EndProject
Project("{9A19103F-16F7-4668-BE54-9A1E7A4F7556}") = "R5T.L0031.T000", "..\..\R5T.L0031\source\R5T.L0031.T000\R5T.L0031.T000.csproj", "{81EABF44-CA2B-4E12-8044-1C33A02CAE51}"
EndProject
Project("{9A19103F-16F7-4668-BE54-9A1E7A4F7556}") = "R5T.L0031", "..\..\R5T.L0031\source\R5T.L0031\R5T.L0031.csproj", "{D44745F4-5657-4B57-9767-8A442B0119E9}"
EndProject
Project("{9A19103F-16F7-4668-BE54-9A1E7A4F7556}") = "R5T.F0129", "..\..\R5T.F0129\source\R5T.F0129\R5T.F0129.csproj", "{E7FFAAB7-C8B9-49D9-850A-72D41A73BA51}"
EndProject
Project("{9A19103F-16F7-4668-BE54-9A1E7A4F7556}") = "R5T.Z0044.Z001", "..\..\R5T.Z0044\source\R5T.Z0044.Z001\R5T.Z0044.Z001.csproj", "{86650A45-1123-49C0-AB88-F7E6881E8AB9}"
EndProject
Project("{9A19103F-16F7-4668-BE54-9A1E7A4F7556}") = "R5T.F0130", "..\..\R5T.F0130\source\R5T.F0130\R5T.F0130.csproj", "{253A0D48-6C7B-41BB-BD3D-970C8E4C2B39}"
EndProject
Project("{9A19103F-16F7-4668-BE54-9A1E7A4F7556}") = "R5T.L0039.T000", "..\..\R5T.L0039\source\R5T.L0039.T000\R5T.L0039.T000.csproj", "{8D596DFC-5818-41CC-9386-81DF8E8353FD}"
EndProject
Project("{9A19103F-16F7-4668-BE54-9A1E7A4F7556}") = "R5T.T0161", "..\..\R5T.T0161\source\R5T.T0161\R5T.T0161.csproj", "{633D8C61-C027-4ED6-A7EF-B24EDA9476C1}"
EndProject
Project("{9A19103F-16F7-4668-BE54-9A1E7A4F7556}") = "R5T.L0032.T000", "..\..\R5T.L0032\source\R5T.L0032.T000\R5T.L0032.T000.csproj", "{674515F0-FFE5-44CC-A505-3F824005969F}"
EndProject
Project("{9A19103F-16F7-4668-BE54-9A1E7A4F7556}") = "R5T.L0033.T000", "..\..\R5T.L0033\source\R5T.L0033.T000\R5T.L0033.T000.csproj", "{130B5D58-2ED8-4A4C-83AF-6A1A90BE0CA5}"
EndProject
Project("{9A19103F-16F7-4668-BE54-9A1E7A4F7556}") = "R5T.F0020", "..\..\R5T.F0020\source\R5T.F0020\R5T.F0020.csproj", "{FD388FF2-F5C7-41D8-9B49-6C574A66C15E}"
EndProject
Project("{9A19103F-16F7-4668-BE54-9A1E7A4F7556}") = "R5T.F0040.F000", "..\..\R5T.F0040\source\R5T.F0040.F000\R5T.F0040.F000.csproj", "{25A1115F-CDEF-4A87-B0B7-E3CC4D6D43AC}"
EndProject
Project("{9A19103F-16F7-4668-BE54-9A1E7A4F7556}") = "R5T.T0152", "..\..\R5T.T0152\source\R5T.T0152\R5T.T0152.csproj", "{4D44E6C5-A863-446D-A83A-9B174C3EFEA4}"
EndProject
Project("{9A19103F-16F7-4668-BE54-9A1E7A4F7556}") = "R5T.F0016.F001", "..\..\R5T.F0016\source\R5T.F0016.F001\R5T.F0016.F001.csproj", "{0C345CF1-7681-4AB5-84D6-1FC2694219F3}"
EndProject
Project("{9A19103F-16F7-4668-BE54-9A1E7A4F7556}") = "R5T.F0016", "..\..\R5T.F0016\source\R5T.F0016\R5T.F0016.csproj", "{F89897C5-6EAC-4ABD-A464-B83EB6A1DCCA}"
EndProject
Project("{9A19103F-16F7-4668-BE54-9A1E7A4F7556}") = "R5T.F0019", "..\..\R5T.F0019\source\R5T.F0019\R5T.F0019.csproj", "{ED5C4E67-921E-4524-93C0-F7290AFD5890}"
EndProject
Project("{9A19103F-16F7-4668-BE54-9A1E7A4F7556}") = "R5T.F0024.T001", "..\..\R5T.F0024\source\R5T.F0024.T001\R5T.F0024.T001.csproj", "{2CBB4A92-0E80-404D-984D-316AB19E2999}"
EndProject
Project("{9A19103F-16F7-4668-BE54-9A1E7A4F7556}") = "R5T.F0024", "..\..\R5T.F0024\source\R5T.F0024\R5T.F0024.csproj", "{7F894495-7F2A-4C61-B607-8048E408A02A}"
EndProject
Project("{9A19103F-16F7-4668-BE54-9A1E7A4F7556}") = "R5T.F0032", "..\..\R5T.F0032\source\R5T.F0032\R5T.F0032.csproj", "{6DFEC1C3-9E24-498A-B660-57936348C6FD}"
EndProject
Project("{9A19103F-16F7-4668-BE54-9A1E7A4F7556}") = "R5T.F0041", "..\..\R5T.F0041\source\R5T.F0041\R5T.F0041.csproj", "{A8BBD2BB-759E-4DE7-8F86-C3BF1D361D06}"
EndProject
Project("{9A19103F-16F7-4668-BE54-9A1E7A4F7556}") = "R5T.F0042.F001", "..\..\R5T.F0042\source\R5T.F0042.F001\R5T.F0042.F001.csproj", "{FBACA648-D229-4E7D-AB07-A56F879D0FA8}"
EndProject
Project("{9A19103F-16F7-4668-BE54-9A1E7A4F7556}") = "R5T.F0042", "..\..\R5T.F0042\source\R5T.F0042\R5T.F0042.csproj", "{C0FA4819-93D9-4ACE-BDA1-BBF04CD5B1E0}"
EndProject
Project("{9A19103F-16F7-4668-BE54-9A1E7A4F7556}") = "R5T.F0044", "..\..\R5T.F0044\source\R5T.F0044\R5T.F0044.csproj", "{960E123A-228E-4539-9A74-048783B0E87C}"
EndProject
Project("{9A19103F-16F7-4668-BE54-9A1E7A4F7556}") = "R5T.F0046", "..\..\R5T.F0046\source\R5T.F0046\R5T.F0046.csproj", "{C06DABEA-79D2-42FA-A856-1D928AE689F4}"
EndProject
Project("{9A19103F-16F7-4668-BE54-9A1E7A4F7556}") = "R5T.F0047", "..\..\R5T.F0047\source\R5T.F0047\R5T.F0047.csproj", "{A56C771A-271F-48A0-B6F9-B9EF7CC625D2}"
EndProject
Project("{9A19103F-16F7-4668-BE54-9A1E7A4F7556}") = "R5T.F0050", "..\..\R5T.F0050\source\R5T.F0050\R5T.F0050.csproj", "{AE9307A1-2684-40DF-8EDB-A6DC70DBD443}"
EndProject
Project("{9A19103F-16F7-4668-BE54-9A1E7A4F7556}") = "R5T.F0051", "..\..\R5T.F0051\source\R5T.F0051\R5T.F0051.csproj", "{9F294DC8-3126-4E6F-9B05-1CECA7256DB3}"
EndProject
Project("{9A19103F-16F7-4668-BE54-9A1E7A4F7556}") = "R5T.F0052", "..\..\R5T.F0052\source\R5T.F0052\R5T.F0052.csproj", "{463D2EB6-D8AE-4E52-B844-650169DC1B42}"
EndProject
Project("{9A19103F-16F7-4668-BE54-9A1E7A4F7556}") = "R5T.F0053", "..\..\R5T.F0053\source\R5T.F0053\R5T.F0053.csproj", "{5ED2BC11-1074-41D5-A7A9-F7D711805D70}"
EndProject
Project("{9A19103F-16F7-4668-BE54-9A1E7A4F7556}") = "R5T.F0054", "..\..\R5T.F0054\source\R5T.F0054\R5T.F0054.csproj", "{B0774073-6697-4219-AE65-6DC2812E5766}"
EndProject
Project("{9A19103F-16F7-4668-BE54-9A1E7A4F7556}") = "R5T.F0056", "..\..\R5T.F0056\source\R5T.F0056\R5T.F0056.csproj", "{0E9809A7-3C79-4910-A82B-3A99A1F0000D}"
EndProject
Project("{9A19103F-16F7-4668-BE54-9A1E7A4F7556}") = "R5T.F0057", "..\..\R5T.F0057\source\R5T.F0057\R5T.F0057.csproj", "{16C50142-051D-4969-A273-B6B2A5F26033}"
EndProject
Project("{9A19103F-16F7-4668-BE54-9A1E7A4F7556}") = "R5T.F0063.F001", "..\..\R5T.F0063\source\R5T.F0063.F001\R5T.F0063.F001.csproj", "{AF1E3F50-EBBD-40CD-BCE7-82D03915CAAE}"
EndProject
Project("{9A19103F-16F7-4668-BE54-9A1E7A4F7556}") = "R5T.F0091", "..\..\R5T.F0091\source\R5T.F0091\R5T.F0091.csproj", "{39246EEB-A340-4BCD-ACFF-B444BC241FD2}"
EndProject
Project("{9A19103F-16F7-4668-BE54-9A1E7A4F7556}") = "R5T.L0001.Y000", "..\..\R5T.L0001\source\R5T.L0001.Y000\R5T.L0001.Y000.csproj", "{CB2F9960-0259-4E13-A889-0400DF39BBE3}"
EndProject
Project("{9A19103F-16F7-4668-BE54-9A1E7A4F7556}") = "R5T.L0001.Z000", "..\..\R5T.L0001\source\R5T.L0001.Z000\R5T.L0001.Z000.csproj", "{2C786604-27E4-440B-B1D2-ADF8602FCA3D}"
EndProject
Project("{9A19103F-16F7-4668-BE54-9A1E7A4F7556}") = "R5T.L0001", "..\..\R5T.L0001\source\R5T.L0001\R5T.L0001.csproj", "{A4FA83C5-0010-4482-ADDE-111B5B0B4FF9}"
EndProject
Project("{9A19103F-16F7-4668-BE54-9A1E7A4F7556}") = "R5T.NG0005", "..\..\R5T.NG0005\source\R5T.NG0005\R5T.NG0005.csproj", "{BCDF49BF-95CA-493E-B5B9-DD192F1A72CE}"
EndProject
Project("{9A19103F-16F7-4668-BE54-9A1E7A4F7556}") = "R5T.NG0008", "..\..\R5T.NG0008\source\R5T.NG0008\R5T.NG0008.csproj", "{305E35EE-3591-4E72-B7E2-FEAA65F1FE75}"
EndProject
Project("{9A19103F-16F7-4668-BE54-9A1E7A4F7556}") = "R5T.T0046", "..\..\R5T.T0046\source\R5T.T0046\R5T.T0046.csproj", "{081240C8-C09E-4AFB-A801-6CBE070C9F90}"
EndProject
Project("{9A19103F-16F7-4668-BE54-9A1E7A4F7556}") = "R5T.T0144", "..\..\R5T.T0144\source\R5T.T0144\R5T.T0144.csproj", "{058AA914-01E2-499F-B645-84F1CD7201DD}"
EndProject
Project("{9A19103F-16F7-4668-BE54-9A1E7A4F7556}") = "R5T.T0188", "..\..\R5T.T0188\source\R5T.T0188\R5T.T0188.csproj", "{D4FC2803-072F-4AAE-A40B-E2FEF1AD02A3}"
EndProject
Project("{9A19103F-16F7-4668-BE54-9A1E7A4F7556}") = "R5T.Y0004", "..\..\R5T.Y0004\source\R5T.Y0004\R5T.Y0004.csproj", "{EDD5798C-3BE5-4580-83EF-AC3D90D4989D}"
EndProject
Project("{9A19103F-16F7-4668-BE54-9A1E7A4F7556}") = "R5T.Z0005", "..\..\R5T.Z0005\source\R5T.Z0005\R5T.Z0005.csproj", "{A3EC8D5E-84C2-44A3-BB41-B2DEF13D8315}"
EndProject
Project("{9A19103F-16F7-4668-BE54-9A1E7A4F7556}") = "R5T.Z0009", "..\..\R5T.Z0009\source\R5T.Z0009\R5T.Z0009.csproj", "{9D8F4885-5F83-4DAE-9753-64A487CCB961}"
EndProject
Project("{9A19103F-16F7-4668-BE54-9A1E7A4F7556}") = "R5T.Z0013", "..\..\R5T.Z0013\source\R5T.Z0013\R5T.Z0013.csproj", "{EC6F026A-EBEC-40BB-9FF7-C30324673DF7}"
EndProject
Project("{9A19103F-16F7-4668-BE54-9A1E7A4F7556}") = "R5T.Z0036", "..\..\R5T.Z0036\source\R5T.Z0036\R5T.Z0036.csproj", "{228EB629-98D6-4053-B302-7874DF191627}"
EndProject
Project("{9A19103F-16F7-4668-BE54-9A1E7A4F7556}") = "R5T.L0032.Z000", "..\..\R5T.L0032\source\R5T.L0032.Z000\R5T.L0032.Z000.csproj", "{7A89BF75-0685-4169-A83E-3B7FC9162FBB}"
EndProject
Project("{9A19103F-16F7-4668-BE54-9A1E7A4F7556}") = "R5T.L0032", "..\..\R5T.L0032\source\R5T.L0032\R5T.L0032.csproj", "{03A4BEC5-05BE-4F52-BE0D-BF11388D9D69}"
EndProject
Project("{9A19103F-16F7-4668-BE54-9A1E7A4F7556}") = "R5T.L0033", "..\..\R5T.L0033\source\R5T.L0033\R5T.L0033.csproj", "{C92C4812-97C7-4E01-B6FE-3F423B4C46A8}"
EndProject
Project("{9A19103F-16F7-4668-BE54-9A1E7A4F7556}") = "R5T.T0195", "..\..\R5T.T0195\source\R5T.T0195\R5T.T0195.csproj", "{6C8C28E2-4141-49EA-8111-A9F174CFB3BD}"
EndProject
Project("{9A19103F-16F7-4668-BE54-9A1E7A4F7556}") = "R5T.F0063", "..\..\R5T.F0063\source\R5T.F0063\R5T.F0063.csproj", "{BB50F89E-DE8B-413C-ACE8-B7A36D93E2B8}"
EndProject
Global
	GlobalSection(NestedProjects) = preSolution
		{AF36E4E7-5BCD-4225-BCD5-E2D38FAF81FE} = {35AA2A7A-9B83-4495-82FD-A48A6A59D69F}
		{C00DB4FF-C937-41FF-95A1-52ACFD3D2DA0} = {35AA2A7A-9B83-4495-82FD-A48A6A59D69F}
		{DB16C945-8B5C-4C79-B22A-DDDB0C0F4D0A} = {35AA2A7A-9B83-4495-82FD-A48A6A59D69F}
		{0185E787-6190-4280-8B48-DC1F8A29BBEB} = {35AA2A7A-9B83-4495-82FD-A48A6A59D69F}
		{65E43554-FE69-40B9-A2B0-78801535A624} = {35AA2A7A-9B83-4495-82FD-A48A6A59D69F}
		{F6792345-8D38-4A57-A3CE-ED2D4E69E0CB} = {35AA2A7A-9B83-4495-82FD-A48A6A59D69F}
		{4A51F987-2478-4B19-B581-D297E7B2722C} = {35AA2A7A-9B83-4495-82FD-A48A6A59D69F}
		{31667EF0-2ED1-493C-83E9-DB7208136366} = {35AA2A7A-9B83-4495-82FD-A48A6A59D69F}
		{07EDF349-9376-4F5B-8855-E0B30C2DFD6D} = {35AA2A7A-9B83-4495-82FD-A48A6A59D69F}
		{88C46927-13CB-479C-A858-CA149982DB20} = {35AA2A7A-9B83-4495-82FD-A48A6A59D69F}
		{110C4BBB-CFA1-46D6-98D0-3880A64A6B6E} = {35AA2A7A-9B83-4495-82FD-A48A6A59D69F}
		{009550EE-F8FB-4D52-A00D-782ECDE53E61} = {35AA2A7A-9B83-4495-82FD-A48A6A59D69F}
		{032D4F61-1C01-46C2-8BC6-5D8945697872} = {35AA2A7A-9B83-4495-82FD-A48A6A59D69F}
		{C56867CC-B5D7-4952-96EA-2AB9436558B3} = {35AA2A7A-9B83-4495-82FD-A48A6A59D69F}
		{3DDDFD70-AEB3-48EA-B1B6-7345ADEE5839} = {35AA2A7A-9B83-4495-82FD-A48A6A59D69F}
		{A0720C77-2CEA-4D6B-9DE5-E8EC669DA891} = {35AA2A7A-9B83-4495-82FD-A48A6A59D69F}
		{55DDD51A-948D-483A-9EB3-F59F153FF6E6} = {35AA2A7A-9B83-4495-82FD-A48A6A59D69F}
		{879B9014-5A3C-4BA6-9208-7C36AE7B200A} = {35AA2A7A-9B83-4495-82FD-A48A6A59D69F}
		{4D0F69D7-3248-41F9-9E26-03317A5F8A26} = {35AA2A7A-9B83-4495-82FD-A48A6A59D69F}
		{147917C7-63E3-4CDE-870D-5C2B241C034B} = {35AA2A7A-9B83-4495-82FD-A48A6A59D69F}
		{306FAF15-3107-4995-A8C5-9DBB29E93BFF} = {35AA2A7A-9B83-4495-82FD-A48A6A59D69F}
		{91538B2B-F3A1-4E18-998F-593A98AC3C5E} = {35AA2A7A-9B83-4495-82FD-A48A6A59D69F}
		{A77EA3D1-3B0D-45DA-A9DA-6D58C3E8AFAA} = {35AA2A7A-9B83-4495-82FD-A48A6A59D69F}
		{16B4FBB9-66A6-42A6-8068-D5C23A39E539} = {35AA2A7A-9B83-4495-82FD-A48A6A59D69F}
		{74EFA743-831E-4924-ADD4-984F0B5E9483} = {35AA2A7A-9B83-4495-82FD-A48A6A59D69F}
		{1303419C-B1BE-4688-B1B6-78C5E975A99A} = {35AA2A7A-9B83-4495-82FD-A48A6A59D69F}
		{7CBB1387-3F98-4DE6-AE7C-B08DDCC75D41} = {35AA2A7A-9B83-4495-82FD-A48A6A59D69F}
		{81A5E672-D914-4383-9F1D-BC1010D46962} = {35AA2A7A-9B83-4495-82FD-A48A6A59D69F}
		{4DF7F874-F23F-4999-B2FB-B1591337ECC2} = {35AA2A7A-9B83-4495-82FD-A48A6A59D69F}
		{1CF118E1-42A5-43DA-9C66-298EC638B43C} = {35AA2A7A-9B83-4495-82FD-A48A6A59D69F}
		{0B8ABEF6-DBD8-490E-9672-7A4026DC1EDD} = {35AA2A7A-9B83-4495-82FD-A48A6A59D69F}
		{8F8B885A-1F46-4267-9D8C-76C866F75F53} = {35AA2A7A-9B83-4495-82FD-A48A6A59D69F}
		{599B8EAA-0F63-4F00-A4C4-BDC5337214B5} = {35AA2A7A-9B83-4495-82FD-A48A6A59D69F}
		{81EABF44-CA2B-4E12-8044-1C33A02CAE51} = {35AA2A7A-9B83-4495-82FD-A48A6A59D69F}
		{D44745F4-5657-4B57-9767-8A442B0119E9} = {35AA2A7A-9B83-4495-82FD-A48A6A59D69F}
		{E7FFAAB7-C8B9-49D9-850A-72D41A73BA51} = {35AA2A7A-9B83-4495-82FD-A48A6A59D69F}
		{86650A45-1123-49C0-AB88-F7E6881E8AB9} = {35AA2A7A-9B83-4495-82FD-A48A6A59D69F}
		{253A0D48-6C7B-41BB-BD3D-970C8E4C2B39} = {35AA2A7A-9B83-4495-82FD-A48A6A59D69F}
		{8D596DFC-5818-41CC-9386-81DF8E8353FD} = {35AA2A7A-9B83-4495-82FD-A48A6A59D69F}
		{633D8C61-C027-4ED6-A7EF-B24EDA9476C1} = {35AA2A7A-9B83-4495-82FD-A48A6A59D69F}
		{674515F0-FFE5-44CC-A505-3F824005969F} = {35AA2A7A-9B83-4495-82FD-A48A6A59D69F}
		{130B5D58-2ED8-4A4C-83AF-6A1A90BE0CA5} = {35AA2A7A-9B83-4495-82FD-A48A6A59D69F}
		{FD388FF2-F5C7-41D8-9B49-6C574A66C15E} = {35AA2A7A-9B83-4495-82FD-A48A6A59D69F}
		{25A1115F-CDEF-4A87-B0B7-E3CC4D6D43AC} = {35AA2A7A-9B83-4495-82FD-A48A6A59D69F}
		{4D44E6C5-A863-446D-A83A-9B174C3EFEA4} = {35AA2A7A-9B83-4495-82FD-A48A6A59D69F}
		{0C345CF1-7681-4AB5-84D6-1FC2694219F3} = {35AA2A7A-9B83-4495-82FD-A48A6A59D69F}
		{F89897C5-6EAC-4ABD-A464-B83EB6A1DCCA} = {35AA2A7A-9B83-4495-82FD-A48A6A59D69F}
		{ED5C4E67-921E-4524-93C0-F7290AFD5890} = {35AA2A7A-9B83-4495-82FD-A48A6A59D69F}
		{2CBB4A92-0E80-404D-984D-316AB19E2999} = {35AA2A7A-9B83-4495-82FD-A48A6A59D69F}
		{7F894495-7F2A-4C61-B607-8048E408A02A} = {35AA2A7A-9B83-4495-82FD-A48A6A59D69F}
		{6DFEC1C3-9E24-498A-B660-57936348C6FD} = {35AA2A7A-9B83-4495-82FD-A48A6A59D69F}
		{A8BBD2BB-759E-4DE7-8F86-C3BF1D361D06} = {35AA2A7A-9B83-4495-82FD-A48A6A59D69F}
		{FBACA648-D229-4E7D-AB07-A56F879D0FA8} = {35AA2A7A-9B83-4495-82FD-A48A6A59D69F}
		{C0FA4819-93D9-4ACE-BDA1-BBF04CD5B1E0} = {35AA2A7A-9B83-4495-82FD-A48A6A59D69F}
		{960E123A-228E-4539-9A74-048783B0E87C} = {35AA2A7A-9B83-4495-82FD-A48A6A59D69F}
		{C06DABEA-79D2-42FA-A856-1D928AE689F4} = {35AA2A7A-9B83-4495-82FD-A48A6A59D69F}
		{A56C771A-271F-48A0-B6F9-B9EF7CC625D2} = {35AA2A7A-9B83-4495-82FD-A48A6A59D69F}
		{AE9307A1-2684-40DF-8EDB-A6DC70DBD443} = {35AA2A7A-9B83-4495-82FD-A48A6A59D69F}
		{9F294DC8-3126-4E6F-9B05-1CECA7256DB3} = {35AA2A7A-9B83-4495-82FD-A48A6A59D69F}
		{463D2EB6-D8AE-4E52-B844-650169DC1B42} = {35AA2A7A-9B83-4495-82FD-A48A6A59D69F}
		{5ED2BC11-1074-41D5-A7A9-F7D711805D70} = {35AA2A7A-9B83-4495-82FD-A48A6A59D69F}
		{B0774073-6697-4219-AE65-6DC2812E5766} = {35AA2A7A-9B83-4495-82FD-A48A6A59D69F}
		{0E9809A7-3C79-4910-A82B-3A99A1F0000D} = {35AA2A7A-9B83-4495-82FD-A48A6A59D69F}
		{16C50142-051D-4969-A273-B6B2A5F26033} = {35AA2A7A-9B83-4495-82FD-A48A6A59D69F}
		{AF1E3F50-EBBD-40CD-BCE7-82D03915CAAE} = {35AA2A7A-9B83-4495-82FD-A48A6A59D69F}
		{39246EEB-A340-4BCD-ACFF-B444BC241FD2} = {35AA2A7A-9B83-4495-82FD-A48A6A59D69F}
		{CB2F9960-0259-4E13-A889-0400DF39BBE3} = {35AA2A7A-9B83-4495-82FD-A48A6A59D69F}
		{2C786604-27E4-440B-B1D2-ADF8602FCA3D} = {35AA2A7A-9B83-4495-82FD-A48A6A59D69F}
		{A4FA83C5-0010-4482-ADDE-111B5B0B4FF9} = {35AA2A7A-9B83-4495-82FD-A48A6A59D69F}
		{BCDF49BF-95CA-493E-B5B9-DD192F1A72CE} = {35AA2A7A-9B83-4495-82FD-A48A6A59D69F}
		{305E35EE-3591-4E72-B7E2-FEAA65F1FE75} = {35AA2A7A-9B83-4495-82FD-A48A6A59D69F}
		{081240C8-C09E-4AFB-A801-6CBE070C9F90} = {35AA2A7A-9B83-4495-82FD-A48A6A59D69F}
		{058AA914-01E2-499F-B645-84F1CD7201DD} = {35AA2A7A-9B83-4495-82FD-A48A6A59D69F}
		{D4FC2803-072F-4AAE-A40B-E2FEF1AD02A3} = {35AA2A7A-9B83-4495-82FD-A48A6A59D69F}
		{EDD5798C-3BE5-4580-83EF-AC3D90D4989D} = {35AA2A7A-9B83-4495-82FD-A48A6A59D69F}
		{A3EC8D5E-84C2-44A3-BB41-B2DEF13D8315} = {35AA2A7A-9B83-4495-82FD-A48A6A59D69F}
		{9D8F4885-5F83-4DAE-9753-64A487CCB961} = {35AA2A7A-9B83-4495-82FD-A48A6A59D69F}
		{EC6F026A-EBEC-40BB-9FF7-C30324673DF7} = {35AA2A7A-9B83-4495-82FD-A48A6A59D69F}
		{228EB629-98D6-4053-B302-7874DF191627} = {35AA2A7A-9B83-4495-82FD-A48A6A59D69F}
		{7A89BF75-0685-4169-A83E-3B7FC9162FBB} = {35AA2A7A-9B83-4495-82FD-A48A6A59D69F}
		{03A4BEC5-05BE-4F52-BE0D-BF11388D9D69} = {35AA2A7A-9B83-4495-82FD-A48A6A59D69F}
		{C92C4812-97C7-4E01-B6FE-3F423B4C46A8} = {35AA2A7A-9B83-4495-82FD-A48A6A59D69F}
		{6C8C28E2-4141-49EA-8111-A9F174CFB3BD} = {35AA2A7A-9B83-4495-82FD-A48A6A59D69F}
		{BB50F89E-DE8B-413C-ACE8-B7A36D93E2B8} = {35AA2A7A-9B83-4495-82FD-A48A6A59D69F}
	EndGlobalSection
	GlobalSection(SolutionConfigurationPlatforms) = preSolution
		Debug|Any CPU = Debug|Any CPU
		Release|Any CPU = Release|Any CPU
	EndGlobalSection
	GlobalSection(ProjectConfigurationPlatforms) = postSolution
		{90E696C2-656E-4BC3-B454-4C1D3E4F3A0E}.Debug|Any CPU.ActiveCfg = Debug|Any CPU
		{90E696C2-656E-4BC3-B454-4C1D3E4F3A0E}.Debug|Any CPU.Build.0 = Debug|Any CPU
		{90E696C2-656E-4BC3-B454-4C1D3E4F3A0E}.Release|Any CPU.ActiveCfg = Release|Any CPU
		{90E696C2-656E-4BC3-B454-4C1D3E4F3A0E}.Release|Any CPU.Build.0 = Release|Any CPU
		{4E567E9E-BB4C-4873-9EE8-6F9AFEA2A22C}.Debug|Any CPU.ActiveCfg = Debug|Any CPU
		{4E567E9E-BB4C-4873-9EE8-6F9AFEA2A22C}.Debug|Any CPU.Build.0 = Debug|Any CPU
		{4E567E9E-BB4C-4873-9EE8-6F9AFEA2A22C}.Release|Any CPU.ActiveCfg = Release|Any CPU
		{4E567E9E-BB4C-4873-9EE8-6F9AFEA2A22C}.Release|Any CPU.Build.0 = Release|Any CPU
		{AF36E4E7-5BCD-4225-BCD5-E2D38FAF81FE}.Debug|Any CPU.ActiveCfg = Debug|Any CPU
		{AF36E4E7-5BCD-4225-BCD5-E2D38FAF81FE}.Debug|Any CPU.Build.0 = Debug|Any CPU
		{AF36E4E7-5BCD-4225-BCD5-E2D38FAF81FE}.Release|Any CPU.ActiveCfg = Release|Any CPU
		{AF36E4E7-5BCD-4225-BCD5-E2D38FAF81FE}.Release|Any CPU.Build.0 = Release|Any CPU
		{C00DB4FF-C937-41FF-95A1-52ACFD3D2DA0}.Debug|Any CPU.ActiveCfg = Debug|Any CPU
		{C00DB4FF-C937-41FF-95A1-52ACFD3D2DA0}.Debug|Any CPU.Build.0 = Debug|Any CPU
		{C00DB4FF-C937-41FF-95A1-52ACFD3D2DA0}.Release|Any CPU.ActiveCfg = Release|Any CPU
		{C00DB4FF-C937-41FF-95A1-52ACFD3D2DA0}.Release|Any CPU.Build.0 = Release|Any CPU
		{DB16C945-8B5C-4C79-B22A-DDDB0C0F4D0A}.Debug|Any CPU.ActiveCfg = Debug|Any CPU
		{DB16C945-8B5C-4C79-B22A-DDDB0C0F4D0A}.Debug|Any CPU.Build.0 = Debug|Any CPU
		{DB16C945-8B5C-4C79-B22A-DDDB0C0F4D0A}.Release|Any CPU.ActiveCfg = Release|Any CPU
		{DB16C945-8B5C-4C79-B22A-DDDB0C0F4D0A}.Release|Any CPU.Build.0 = Release|Any CPU
		{0185E787-6190-4280-8B48-DC1F8A29BBEB}.Debug|Any CPU.ActiveCfg = Debug|Any CPU
		{0185E787-6190-4280-8B48-DC1F8A29BBEB}.Debug|Any CPU.Build.0 = Debug|Any CPU
		{0185E787-6190-4280-8B48-DC1F8A29BBEB}.Release|Any CPU.ActiveCfg = Release|Any CPU
		{0185E787-6190-4280-8B48-DC1F8A29BBEB}.Release|Any CPU.Build.0 = Release|Any CPU
		{65E43554-FE69-40B9-A2B0-78801535A624}.Debug|Any CPU.ActiveCfg = Debug|Any CPU
		{65E43554-FE69-40B9-A2B0-78801535A624}.Debug|Any CPU.Build.0 = Debug|Any CPU
		{65E43554-FE69-40B9-A2B0-78801535A624}.Release|Any CPU.ActiveCfg = Release|Any CPU
		{65E43554-FE69-40B9-A2B0-78801535A624}.Release|Any CPU.Build.0 = Release|Any CPU
		{F6792345-8D38-4A57-A3CE-ED2D4E69E0CB}.Debug|Any CPU.ActiveCfg = Debug|Any CPU
		{F6792345-8D38-4A57-A3CE-ED2D4E69E0CB}.Debug|Any CPU.Build.0 = Debug|Any CPU
		{F6792345-8D38-4A57-A3CE-ED2D4E69E0CB}.Release|Any CPU.ActiveCfg = Release|Any CPU
		{F6792345-8D38-4A57-A3CE-ED2D4E69E0CB}.Release|Any CPU.Build.0 = Release|Any CPU
		{4A51F987-2478-4B19-B581-D297E7B2722C}.Debug|Any CPU.ActiveCfg = Debug|Any CPU
		{4A51F987-2478-4B19-B581-D297E7B2722C}.Debug|Any CPU.Build.0 = Debug|Any CPU
		{4A51F987-2478-4B19-B581-D297E7B2722C}.Release|Any CPU.ActiveCfg = Release|Any CPU
		{4A51F987-2478-4B19-B581-D297E7B2722C}.Release|Any CPU.Build.0 = Release|Any CPU
		{31667EF0-2ED1-493C-83E9-DB7208136366}.Debug|Any CPU.ActiveCfg = Debug|Any CPU
		{31667EF0-2ED1-493C-83E9-DB7208136366}.Debug|Any CPU.Build.0 = Debug|Any CPU
		{31667EF0-2ED1-493C-83E9-DB7208136366}.Release|Any CPU.ActiveCfg = Release|Any CPU
		{31667EF0-2ED1-493C-83E9-DB7208136366}.Release|Any CPU.Build.0 = Release|Any CPU
		{07EDF349-9376-4F5B-8855-E0B30C2DFD6D}.Debug|Any CPU.ActiveCfg = Debug|Any CPU
		{07EDF349-9376-4F5B-8855-E0B30C2DFD6D}.Debug|Any CPU.Build.0 = Debug|Any CPU
		{07EDF349-9376-4F5B-8855-E0B30C2DFD6D}.Release|Any CPU.ActiveCfg = Release|Any CPU
		{07EDF349-9376-4F5B-8855-E0B30C2DFD6D}.Release|Any CPU.Build.0 = Release|Any CPU
		{88C46927-13CB-479C-A858-CA149982DB20}.Debug|Any CPU.ActiveCfg = Debug|Any CPU
		{88C46927-13CB-479C-A858-CA149982DB20}.Debug|Any CPU.Build.0 = Debug|Any CPU
		{88C46927-13CB-479C-A858-CA149982DB20}.Release|Any CPU.ActiveCfg = Release|Any CPU
		{88C46927-13CB-479C-A858-CA149982DB20}.Release|Any CPU.Build.0 = Release|Any CPU
		{110C4BBB-CFA1-46D6-98D0-3880A64A6B6E}.Debug|Any CPU.ActiveCfg = Debug|Any CPU
		{110C4BBB-CFA1-46D6-98D0-3880A64A6B6E}.Debug|Any CPU.Build.0 = Debug|Any CPU
		{110C4BBB-CFA1-46D6-98D0-3880A64A6B6E}.Release|Any CPU.ActiveCfg = Release|Any CPU
		{110C4BBB-CFA1-46D6-98D0-3880A64A6B6E}.Release|Any CPU.Build.0 = Release|Any CPU
		{009550EE-F8FB-4D52-A00D-782ECDE53E61}.Debug|Any CPU.ActiveCfg = Debug|Any CPU
		{009550EE-F8FB-4D52-A00D-782ECDE53E61}.Debug|Any CPU.Build.0 = Debug|Any CPU
		{009550EE-F8FB-4D52-A00D-782ECDE53E61}.Release|Any CPU.ActiveCfg = Release|Any CPU
		{009550EE-F8FB-4D52-A00D-782ECDE53E61}.Release|Any CPU.Build.0 = Release|Any CPU
		{032D4F61-1C01-46C2-8BC6-5D8945697872}.Debug|Any CPU.ActiveCfg = Debug|Any CPU
		{032D4F61-1C01-46C2-8BC6-5D8945697872}.Debug|Any CPU.Build.0 = Debug|Any CPU
		{032D4F61-1C01-46C2-8BC6-5D8945697872}.Release|Any CPU.ActiveCfg = Release|Any CPU
		{032D4F61-1C01-46C2-8BC6-5D8945697872}.Release|Any CPU.Build.0 = Release|Any CPU
		{C56867CC-B5D7-4952-96EA-2AB9436558B3}.Debug|Any CPU.ActiveCfg = Debug|Any CPU
		{C56867CC-B5D7-4952-96EA-2AB9436558B3}.Debug|Any CPU.Build.0 = Debug|Any CPU
		{C56867CC-B5D7-4952-96EA-2AB9436558B3}.Release|Any CPU.ActiveCfg = Release|Any CPU
		{C56867CC-B5D7-4952-96EA-2AB9436558B3}.Release|Any CPU.Build.0 = Release|Any CPU
		{3DDDFD70-AEB3-48EA-B1B6-7345ADEE5839}.Debug|Any CPU.ActiveCfg = Debug|Any CPU
		{3DDDFD70-AEB3-48EA-B1B6-7345ADEE5839}.Debug|Any CPU.Build.0 = Debug|Any CPU
		{3DDDFD70-AEB3-48EA-B1B6-7345ADEE5839}.Release|Any CPU.ActiveCfg = Release|Any CPU
		{3DDDFD70-AEB3-48EA-B1B6-7345ADEE5839}.Release|Any CPU.Build.0 = Release|Any CPU
		{A0720C77-2CEA-4D6B-9DE5-E8EC669DA891}.Debug|Any CPU.ActiveCfg = Debug|Any CPU
		{A0720C77-2CEA-4D6B-9DE5-E8EC669DA891}.Debug|Any CPU.Build.0 = Debug|Any CPU
		{A0720C77-2CEA-4D6B-9DE5-E8EC669DA891}.Release|Any CPU.ActiveCfg = Release|Any CPU
		{A0720C77-2CEA-4D6B-9DE5-E8EC669DA891}.Release|Any CPU.Build.0 = Release|Any CPU
		{55DDD51A-948D-483A-9EB3-F59F153FF6E6}.Debug|Any CPU.ActiveCfg = Debug|Any CPU
		{55DDD51A-948D-483A-9EB3-F59F153FF6E6}.Debug|Any CPU.Build.0 = Debug|Any CPU
		{55DDD51A-948D-483A-9EB3-F59F153FF6E6}.Release|Any CPU.ActiveCfg = Release|Any CPU
		{55DDD51A-948D-483A-9EB3-F59F153FF6E6}.Release|Any CPU.Build.0 = Release|Any CPU
		{879B9014-5A3C-4BA6-9208-7C36AE7B200A}.Debug|Any CPU.ActiveCfg = Debug|Any CPU
		{879B9014-5A3C-4BA6-9208-7C36AE7B200A}.Debug|Any CPU.Build.0 = Debug|Any CPU
		{879B9014-5A3C-4BA6-9208-7C36AE7B200A}.Release|Any CPU.ActiveCfg = Release|Any CPU
		{879B9014-5A3C-4BA6-9208-7C36AE7B200A}.Release|Any CPU.Build.0 = Release|Any CPU
		{4D0F69D7-3248-41F9-9E26-03317A5F8A26}.Debug|Any CPU.ActiveCfg = Debug|Any CPU
		{4D0F69D7-3248-41F9-9E26-03317A5F8A26}.Debug|Any CPU.Build.0 = Debug|Any CPU
		{4D0F69D7-3248-41F9-9E26-03317A5F8A26}.Release|Any CPU.ActiveCfg = Release|Any CPU
		{4D0F69D7-3248-41F9-9E26-03317A5F8A26}.Release|Any CPU.Build.0 = Release|Any CPU
		{147917C7-63E3-4CDE-870D-5C2B241C034B}.Debug|Any CPU.ActiveCfg = Debug|Any CPU
		{147917C7-63E3-4CDE-870D-5C2B241C034B}.Debug|Any CPU.Build.0 = Debug|Any CPU
		{147917C7-63E3-4CDE-870D-5C2B241C034B}.Release|Any CPU.ActiveCfg = Release|Any CPU
		{147917C7-63E3-4CDE-870D-5C2B241C034B}.Release|Any CPU.Build.0 = Release|Any CPU
		{306FAF15-3107-4995-A8C5-9DBB29E93BFF}.Debug|Any CPU.ActiveCfg = Debug|Any CPU
		{306FAF15-3107-4995-A8C5-9DBB29E93BFF}.Debug|Any CPU.Build.0 = Debug|Any CPU
		{306FAF15-3107-4995-A8C5-9DBB29E93BFF}.Release|Any CPU.ActiveCfg = Release|Any CPU
		{306FAF15-3107-4995-A8C5-9DBB29E93BFF}.Release|Any CPU.Build.0 = Release|Any CPU
		{91538B2B-F3A1-4E18-998F-593A98AC3C5E}.Debug|Any CPU.ActiveCfg = Debug|Any CPU
		{91538B2B-F3A1-4E18-998F-593A98AC3C5E}.Debug|Any CPU.Build.0 = Debug|Any CPU
		{91538B2B-F3A1-4E18-998F-593A98AC3C5E}.Release|Any CPU.ActiveCfg = Release|Any CPU
		{91538B2B-F3A1-4E18-998F-593A98AC3C5E}.Release|Any CPU.Build.0 = Release|Any CPU
		{A77EA3D1-3B0D-45DA-A9DA-6D58C3E8AFAA}.Debug|Any CPU.ActiveCfg = Debug|Any CPU
		{A77EA3D1-3B0D-45DA-A9DA-6D58C3E8AFAA}.Debug|Any CPU.Build.0 = Debug|Any CPU
		{A77EA3D1-3B0D-45DA-A9DA-6D58C3E8AFAA}.Release|Any CPU.ActiveCfg = Release|Any CPU
		{A77EA3D1-3B0D-45DA-A9DA-6D58C3E8AFAA}.Release|Any CPU.Build.0 = Release|Any CPU
		{16B4FBB9-66A6-42A6-8068-D5C23A39E539}.Debug|Any CPU.ActiveCfg = Debug|Any CPU
		{16B4FBB9-66A6-42A6-8068-D5C23A39E539}.Debug|Any CPU.Build.0 = Debug|Any CPU
		{16B4FBB9-66A6-42A6-8068-D5C23A39E539}.Release|Any CPU.ActiveCfg = Release|Any CPU
		{16B4FBB9-66A6-42A6-8068-D5C23A39E539}.Release|Any CPU.Build.0 = Release|Any CPU
		{74EFA743-831E-4924-ADD4-984F0B5E9483}.Debug|Any CPU.ActiveCfg = Debug|Any CPU
		{74EFA743-831E-4924-ADD4-984F0B5E9483}.Debug|Any CPU.Build.0 = Debug|Any CPU
		{74EFA743-831E-4924-ADD4-984F0B5E9483}.Release|Any CPU.ActiveCfg = Release|Any CPU
		{74EFA743-831E-4924-ADD4-984F0B5E9483}.Release|Any CPU.Build.0 = Release|Any CPU
		{1303419C-B1BE-4688-B1B6-78C5E975A99A}.Debug|Any CPU.ActiveCfg = Debug|Any CPU
		{1303419C-B1BE-4688-B1B6-78C5E975A99A}.Debug|Any CPU.Build.0 = Debug|Any CPU
		{1303419C-B1BE-4688-B1B6-78C5E975A99A}.Release|Any CPU.ActiveCfg = Release|Any CPU
		{1303419C-B1BE-4688-B1B6-78C5E975A99A}.Release|Any CPU.Build.0 = Release|Any CPU
		{7CBB1387-3F98-4DE6-AE7C-B08DDCC75D41}.Debug|Any CPU.ActiveCfg = Debug|Any CPU
		{7CBB1387-3F98-4DE6-AE7C-B08DDCC75D41}.Debug|Any CPU.Build.0 = Debug|Any CPU
		{7CBB1387-3F98-4DE6-AE7C-B08DDCC75D41}.Release|Any CPU.ActiveCfg = Release|Any CPU
		{7CBB1387-3F98-4DE6-AE7C-B08DDCC75D41}.Release|Any CPU.Build.0 = Release|Any CPU
		{81A5E672-D914-4383-9F1D-BC1010D46962}.Debug|Any CPU.ActiveCfg = Debug|Any CPU
		{81A5E672-D914-4383-9F1D-BC1010D46962}.Debug|Any CPU.Build.0 = Debug|Any CPU
		{81A5E672-D914-4383-9F1D-BC1010D46962}.Release|Any CPU.ActiveCfg = Release|Any CPU
		{81A5E672-D914-4383-9F1D-BC1010D46962}.Release|Any CPU.Build.0 = Release|Any CPU
		{4DF7F874-F23F-4999-B2FB-B1591337ECC2}.Debug|Any CPU.ActiveCfg = Debug|Any CPU
		{4DF7F874-F23F-4999-B2FB-B1591337ECC2}.Debug|Any CPU.Build.0 = Debug|Any CPU
		{4DF7F874-F23F-4999-B2FB-B1591337ECC2}.Release|Any CPU.ActiveCfg = Release|Any CPU
		{4DF7F874-F23F-4999-B2FB-B1591337ECC2}.Release|Any CPU.Build.0 = Release|Any CPU
		{1CF118E1-42A5-43DA-9C66-298EC638B43C}.Debug|Any CPU.ActiveCfg = Debug|Any CPU
		{1CF118E1-42A5-43DA-9C66-298EC638B43C}.Debug|Any CPU.Build.0 = Debug|Any CPU
		{1CF118E1-42A5-43DA-9C66-298EC638B43C}.Release|Any CPU.ActiveCfg = Release|Any CPU
		{1CF118E1-42A5-43DA-9C66-298EC638B43C}.Release|Any CPU.Build.0 = Release|Any CPU
		{0B8ABEF6-DBD8-490E-9672-7A4026DC1EDD}.Debug|Any CPU.ActiveCfg = Debug|Any CPU
		{0B8ABEF6-DBD8-490E-9672-7A4026DC1EDD}.Debug|Any CPU.Build.0 = Debug|Any CPU
		{0B8ABEF6-DBD8-490E-9672-7A4026DC1EDD}.Release|Any CPU.ActiveCfg = Release|Any CPU
		{0B8ABEF6-DBD8-490E-9672-7A4026DC1EDD}.Release|Any CPU.Build.0 = Release|Any CPU
		{8F8B885A-1F46-4267-9D8C-76C866F75F53}.Debug|Any CPU.ActiveCfg = Debug|Any CPU
		{8F8B885A-1F46-4267-9D8C-76C866F75F53}.Debug|Any CPU.Build.0 = Debug|Any CPU
		{8F8B885A-1F46-4267-9D8C-76C866F75F53}.Release|Any CPU.ActiveCfg = Release|Any CPU
		{8F8B885A-1F46-4267-9D8C-76C866F75F53}.Release|Any CPU.Build.0 = Release|Any CPU
		{599B8EAA-0F63-4F00-A4C4-BDC5337214B5}.Debug|Any CPU.ActiveCfg = Debug|Any CPU
		{599B8EAA-0F63-4F00-A4C4-BDC5337214B5}.Debug|Any CPU.Build.0 = Debug|Any CPU
		{599B8EAA-0F63-4F00-A4C4-BDC5337214B5}.Release|Any CPU.ActiveCfg = Release|Any CPU
		{599B8EAA-0F63-4F00-A4C4-BDC5337214B5}.Release|Any CPU.Build.0 = Release|Any CPU
		{81EABF44-CA2B-4E12-8044-1C33A02CAE51}.Debug|Any CPU.ActiveCfg = Debug|Any CPU
		{81EABF44-CA2B-4E12-8044-1C33A02CAE51}.Debug|Any CPU.Build.0 = Debug|Any CPU
		{81EABF44-CA2B-4E12-8044-1C33A02CAE51}.Release|Any CPU.ActiveCfg = Release|Any CPU
		{81EABF44-CA2B-4E12-8044-1C33A02CAE51}.Release|Any CPU.Build.0 = Release|Any CPU
		{D44745F4-5657-4B57-9767-8A442B0119E9}.Debug|Any CPU.ActiveCfg = Debug|Any CPU
		{D44745F4-5657-4B57-9767-8A442B0119E9}.Debug|Any CPU.Build.0 = Debug|Any CPU
		{D44745F4-5657-4B57-9767-8A442B0119E9}.Release|Any CPU.ActiveCfg = Release|Any CPU
		{D44745F4-5657-4B57-9767-8A442B0119E9}.Release|Any CPU.Build.0 = Release|Any CPU
		{E7FFAAB7-C8B9-49D9-850A-72D41A73BA51}.Debug|Any CPU.ActiveCfg = Debug|Any CPU
		{E7FFAAB7-C8B9-49D9-850A-72D41A73BA51}.Debug|Any CPU.Build.0 = Debug|Any CPU
		{E7FFAAB7-C8B9-49D9-850A-72D41A73BA51}.Release|Any CPU.ActiveCfg = Release|Any CPU
		{E7FFAAB7-C8B9-49D9-850A-72D41A73BA51}.Release|Any CPU.Build.0 = Release|Any CPU
		{86650A45-1123-49C0-AB88-F7E6881E8AB9}.Debug|Any CPU.ActiveCfg = Debug|Any CPU
		{86650A45-1123-49C0-AB88-F7E6881E8AB9}.Debug|Any CPU.Build.0 = Debug|Any CPU
		{86650A45-1123-49C0-AB88-F7E6881E8AB9}.Release|Any CPU.ActiveCfg = Release|Any CPU
		{86650A45-1123-49C0-AB88-F7E6881E8AB9}.Release|Any CPU.Build.0 = Release|Any CPU
		{253A0D48-6C7B-41BB-BD3D-970C8E4C2B39}.Debug|Any CPU.ActiveCfg = Debug|Any CPU
		{253A0D48-6C7B-41BB-BD3D-970C8E4C2B39}.Debug|Any CPU.Build.0 = Debug|Any CPU
		{253A0D48-6C7B-41BB-BD3D-970C8E4C2B39}.Release|Any CPU.ActiveCfg = Release|Any CPU
		{253A0D48-6C7B-41BB-BD3D-970C8E4C2B39}.Release|Any CPU.Build.0 = Release|Any CPU
		{8D596DFC-5818-41CC-9386-81DF8E8353FD}.Debug|Any CPU.ActiveCfg = Debug|Any CPU
		{8D596DFC-5818-41CC-9386-81DF8E8353FD}.Debug|Any CPU.Build.0 = Debug|Any CPU
		{8D596DFC-5818-41CC-9386-81DF8E8353FD}.Release|Any CPU.ActiveCfg = Release|Any CPU
		{8D596DFC-5818-41CC-9386-81DF8E8353FD}.Release|Any CPU.Build.0 = Release|Any CPU
		{633D8C61-C027-4ED6-A7EF-B24EDA9476C1}.Debug|Any CPU.ActiveCfg = Debug|Any CPU
		{633D8C61-C027-4ED6-A7EF-B24EDA9476C1}.Debug|Any CPU.Build.0 = Debug|Any CPU
		{633D8C61-C027-4ED6-A7EF-B24EDA9476C1}.Release|Any CPU.ActiveCfg = Release|Any CPU
		{633D8C61-C027-4ED6-A7EF-B24EDA9476C1}.Release|Any CPU.Build.0 = Release|Any CPU
		{674515F0-FFE5-44CC-A505-3F824005969F}.Debug|Any CPU.ActiveCfg = Debug|Any CPU
		{674515F0-FFE5-44CC-A505-3F824005969F}.Debug|Any CPU.Build.0 = Debug|Any CPU
		{674515F0-FFE5-44CC-A505-3F824005969F}.Release|Any CPU.ActiveCfg = Release|Any CPU
		{674515F0-FFE5-44CC-A505-3F824005969F}.Release|Any CPU.Build.0 = Release|Any CPU
		{130B5D58-2ED8-4A4C-83AF-6A1A90BE0CA5}.Debug|Any CPU.ActiveCfg = Debug|Any CPU
		{130B5D58-2ED8-4A4C-83AF-6A1A90BE0CA5}.Debug|Any CPU.Build.0 = Debug|Any CPU
		{130B5D58-2ED8-4A4C-83AF-6A1A90BE0CA5}.Release|Any CPU.ActiveCfg = Release|Any CPU
		{130B5D58-2ED8-4A4C-83AF-6A1A90BE0CA5}.Release|Any CPU.Build.0 = Release|Any CPU
		{FD388FF2-F5C7-41D8-9B49-6C574A66C15E}.Debug|Any CPU.ActiveCfg = Debug|Any CPU
		{FD388FF2-F5C7-41D8-9B49-6C574A66C15E}.Debug|Any CPU.Build.0 = Debug|Any CPU
		{FD388FF2-F5C7-41D8-9B49-6C574A66C15E}.Release|Any CPU.ActiveCfg = Release|Any CPU
		{FD388FF2-F5C7-41D8-9B49-6C574A66C15E}.Release|Any CPU.Build.0 = Release|Any CPU
		{25A1115F-CDEF-4A87-B0B7-E3CC4D6D43AC}.Debug|Any CPU.ActiveCfg = Debug|Any CPU
		{25A1115F-CDEF-4A87-B0B7-E3CC4D6D43AC}.Debug|Any CPU.Build.0 = Debug|Any CPU
		{25A1115F-CDEF-4A87-B0B7-E3CC4D6D43AC}.Release|Any CPU.ActiveCfg = Release|Any CPU
		{25A1115F-CDEF-4A87-B0B7-E3CC4D6D43AC}.Release|Any CPU.Build.0 = Release|Any CPU
		{4D44E6C5-A863-446D-A83A-9B174C3EFEA4}.Debug|Any CPU.ActiveCfg = Debug|Any CPU
		{4D44E6C5-A863-446D-A83A-9B174C3EFEA4}.Debug|Any CPU.Build.0 = Debug|Any CPU
		{4D44E6C5-A863-446D-A83A-9B174C3EFEA4}.Release|Any CPU.ActiveCfg = Release|Any CPU
		{4D44E6C5-A863-446D-A83A-9B174C3EFEA4}.Release|Any CPU.Build.0 = Release|Any CPU
		{0C345CF1-7681-4AB5-84D6-1FC2694219F3}.Debug|Any CPU.ActiveCfg = Debug|Any CPU
		{0C345CF1-7681-4AB5-84D6-1FC2694219F3}.Debug|Any CPU.Build.0 = Debug|Any CPU
		{0C345CF1-7681-4AB5-84D6-1FC2694219F3}.Release|Any CPU.ActiveCfg = Release|Any CPU
		{0C345CF1-7681-4AB5-84D6-1FC2694219F3}.Release|Any CPU.Build.0 = Release|Any CPU
		{F89897C5-6EAC-4ABD-A464-B83EB6A1DCCA}.Debug|Any CPU.ActiveCfg = Debug|Any CPU
		{F89897C5-6EAC-4ABD-A464-B83EB6A1DCCA}.Debug|Any CPU.Build.0 = Debug|Any CPU
		{F89897C5-6EAC-4ABD-A464-B83EB6A1DCCA}.Release|Any CPU.ActiveCfg = Release|Any CPU
		{F89897C5-6EAC-4ABD-A464-B83EB6A1DCCA}.Release|Any CPU.Build.0 = Release|Any CPU
		{ED5C4E67-921E-4524-93C0-F7290AFD5890}.Debug|Any CPU.ActiveCfg = Debug|Any CPU
		{ED5C4E67-921E-4524-93C0-F7290AFD5890}.Debug|Any CPU.Build.0 = Debug|Any CPU
		{ED5C4E67-921E-4524-93C0-F7290AFD5890}.Release|Any CPU.ActiveCfg = Release|Any CPU
		{ED5C4E67-921E-4524-93C0-F7290AFD5890}.Release|Any CPU.Build.0 = Release|Any CPU
		{2CBB4A92-0E80-404D-984D-316AB19E2999}.Debug|Any CPU.ActiveCfg = Debug|Any CPU
		{2CBB4A92-0E80-404D-984D-316AB19E2999}.Debug|Any CPU.Build.0 = Debug|Any CPU
		{2CBB4A92-0E80-404D-984D-316AB19E2999}.Release|Any CPU.ActiveCfg = Release|Any CPU
		{2CBB4A92-0E80-404D-984D-316AB19E2999}.Release|Any CPU.Build.0 = Release|Any CPU
		{7F894495-7F2A-4C61-B607-8048E408A02A}.Debug|Any CPU.ActiveCfg = Debug|Any CPU
		{7F894495-7F2A-4C61-B607-8048E408A02A}.Debug|Any CPU.Build.0 = Debug|Any CPU
		{7F894495-7F2A-4C61-B607-8048E408A02A}.Release|Any CPU.ActiveCfg = Release|Any CPU
		{7F894495-7F2A-4C61-B607-8048E408A02A}.Release|Any CPU.Build.0 = Release|Any CPU
		{6DFEC1C3-9E24-498A-B660-57936348C6FD}.Debug|Any CPU.ActiveCfg = Debug|Any CPU
		{6DFEC1C3-9E24-498A-B660-57936348C6FD}.Debug|Any CPU.Build.0 = Debug|Any CPU
		{6DFEC1C3-9E24-498A-B660-57936348C6FD}.Release|Any CPU.ActiveCfg = Release|Any CPU
		{6DFEC1C3-9E24-498A-B660-57936348C6FD}.Release|Any CPU.Build.0 = Release|Any CPU
		{A8BBD2BB-759E-4DE7-8F86-C3BF1D361D06}.Debug|Any CPU.ActiveCfg = Debug|Any CPU
		{A8BBD2BB-759E-4DE7-8F86-C3BF1D361D06}.Debug|Any CPU.Build.0 = Debug|Any CPU
		{A8BBD2BB-759E-4DE7-8F86-C3BF1D361D06}.Release|Any CPU.ActiveCfg = Release|Any CPU
		{A8BBD2BB-759E-4DE7-8F86-C3BF1D361D06}.Release|Any CPU.Build.0 = Release|Any CPU
		{FBACA648-D229-4E7D-AB07-A56F879D0FA8}.Debug|Any CPU.ActiveCfg = Debug|Any CPU
		{FBACA648-D229-4E7D-AB07-A56F879D0FA8}.Debug|Any CPU.Build.0 = Debug|Any CPU
		{FBACA648-D229-4E7D-AB07-A56F879D0FA8}.Release|Any CPU.ActiveCfg = Release|Any CPU
		{FBACA648-D229-4E7D-AB07-A56F879D0FA8}.Release|Any CPU.Build.0 = Release|Any CPU
		{C0FA4819-93D9-4ACE-BDA1-BBF04CD5B1E0}.Debug|Any CPU.ActiveCfg = Debug|Any CPU
		{C0FA4819-93D9-4ACE-BDA1-BBF04CD5B1E0}.Debug|Any CPU.Build.0 = Debug|Any CPU
		{C0FA4819-93D9-4ACE-BDA1-BBF04CD5B1E0}.Release|Any CPU.ActiveCfg = Release|Any CPU
		{C0FA4819-93D9-4ACE-BDA1-BBF04CD5B1E0}.Release|Any CPU.Build.0 = Release|Any CPU
		{960E123A-228E-4539-9A74-048783B0E87C}.Debug|Any CPU.ActiveCfg = Debug|Any CPU
		{960E123A-228E-4539-9A74-048783B0E87C}.Debug|Any CPU.Build.0 = Debug|Any CPU
		{960E123A-228E-4539-9A74-048783B0E87C}.Release|Any CPU.ActiveCfg = Release|Any CPU
		{960E123A-228E-4539-9A74-048783B0E87C}.Release|Any CPU.Build.0 = Release|Any CPU
		{C06DABEA-79D2-42FA-A856-1D928AE689F4}.Debug|Any CPU.ActiveCfg = Debug|Any CPU
		{C06DABEA-79D2-42FA-A856-1D928AE689F4}.Debug|Any CPU.Build.0 = Debug|Any CPU
		{C06DABEA-79D2-42FA-A856-1D928AE689F4}.Release|Any CPU.ActiveCfg = Release|Any CPU
		{C06DABEA-79D2-42FA-A856-1D928AE689F4}.Release|Any CPU.Build.0 = Release|Any CPU
		{A56C771A-271F-48A0-B6F9-B9EF7CC625D2}.Debug|Any CPU.ActiveCfg = Debug|Any CPU
		{A56C771A-271F-48A0-B6F9-B9EF7CC625D2}.Debug|Any CPU.Build.0 = Debug|Any CPU
		{A56C771A-271F-48A0-B6F9-B9EF7CC625D2}.Release|Any CPU.ActiveCfg = Release|Any CPU
		{A56C771A-271F-48A0-B6F9-B9EF7CC625D2}.Release|Any CPU.Build.0 = Release|Any CPU
		{AE9307A1-2684-40DF-8EDB-A6DC70DBD443}.Debug|Any CPU.ActiveCfg = Debug|Any CPU
		{AE9307A1-2684-40DF-8EDB-A6DC70DBD443}.Debug|Any CPU.Build.0 = Debug|Any CPU
		{AE9307A1-2684-40DF-8EDB-A6DC70DBD443}.Release|Any CPU.ActiveCfg = Release|Any CPU
		{AE9307A1-2684-40DF-8EDB-A6DC70DBD443}.Release|Any CPU.Build.0 = Release|Any CPU
		{9F294DC8-3126-4E6F-9B05-1CECA7256DB3}.Debug|Any CPU.ActiveCfg = Debug|Any CPU
		{9F294DC8-3126-4E6F-9B05-1CECA7256DB3}.Debug|Any CPU.Build.0 = Debug|Any CPU
		{9F294DC8-3126-4E6F-9B05-1CECA7256DB3}.Release|Any CPU.ActiveCfg = Release|Any CPU
		{9F294DC8-3126-4E6F-9B05-1CECA7256DB3}.Release|Any CPU.Build.0 = Release|Any CPU
		{463D2EB6-D8AE-4E52-B844-650169DC1B42}.Debug|Any CPU.ActiveCfg = Debug|Any CPU
		{463D2EB6-D8AE-4E52-B844-650169DC1B42}.Debug|Any CPU.Build.0 = Debug|Any CPU
		{463D2EB6-D8AE-4E52-B844-650169DC1B42}.Release|Any CPU.ActiveCfg = Release|Any CPU
		{463D2EB6-D8AE-4E52-B844-650169DC1B42}.Release|Any CPU.Build.0 = Release|Any CPU
		{5ED2BC11-1074-41D5-A7A9-F7D711805D70}.Debug|Any CPU.ActiveCfg = Debug|Any CPU
		{5ED2BC11-1074-41D5-A7A9-F7D711805D70}.Debug|Any CPU.Build.0 = Debug|Any CPU
		{5ED2BC11-1074-41D5-A7A9-F7D711805D70}.Release|Any CPU.ActiveCfg = Release|Any CPU
		{5ED2BC11-1074-41D5-A7A9-F7D711805D70}.Release|Any CPU.Build.0 = Release|Any CPU
		{B0774073-6697-4219-AE65-6DC2812E5766}.Debug|Any CPU.ActiveCfg = Debug|Any CPU
		{B0774073-6697-4219-AE65-6DC2812E5766}.Debug|Any CPU.Build.0 = Debug|Any CPU
		{B0774073-6697-4219-AE65-6DC2812E5766}.Release|Any CPU.ActiveCfg = Release|Any CPU
		{B0774073-6697-4219-AE65-6DC2812E5766}.Release|Any CPU.Build.0 = Release|Any CPU
		{0E9809A7-3C79-4910-A82B-3A99A1F0000D}.Debug|Any CPU.ActiveCfg = Debug|Any CPU
		{0E9809A7-3C79-4910-A82B-3A99A1F0000D}.Debug|Any CPU.Build.0 = Debug|Any CPU
		{0E9809A7-3C79-4910-A82B-3A99A1F0000D}.Release|Any CPU.ActiveCfg = Release|Any CPU
		{0E9809A7-3C79-4910-A82B-3A99A1F0000D}.Release|Any CPU.Build.0 = Release|Any CPU
		{16C50142-051D-4969-A273-B6B2A5F26033}.Debug|Any CPU.ActiveCfg = Debug|Any CPU
		{16C50142-051D-4969-A273-B6B2A5F26033}.Debug|Any CPU.Build.0 = Debug|Any CPU
		{16C50142-051D-4969-A273-B6B2A5F26033}.Release|Any CPU.ActiveCfg = Release|Any CPU
		{16C50142-051D-4969-A273-B6B2A5F26033}.Release|Any CPU.Build.0 = Release|Any CPU
		{AF1E3F50-EBBD-40CD-BCE7-82D03915CAAE}.Debug|Any CPU.ActiveCfg = Debug|Any CPU
		{AF1E3F50-EBBD-40CD-BCE7-82D03915CAAE}.Debug|Any CPU.Build.0 = Debug|Any CPU
		{AF1E3F50-EBBD-40CD-BCE7-82D03915CAAE}.Release|Any CPU.ActiveCfg = Release|Any CPU
		{AF1E3F50-EBBD-40CD-BCE7-82D03915CAAE}.Release|Any CPU.Build.0 = Release|Any CPU
		{39246EEB-A340-4BCD-ACFF-B444BC241FD2}.Debug|Any CPU.ActiveCfg = Debug|Any CPU
		{39246EEB-A340-4BCD-ACFF-B444BC241FD2}.Debug|Any CPU.Build.0 = Debug|Any CPU
		{39246EEB-A340-4BCD-ACFF-B444BC241FD2}.Release|Any CPU.ActiveCfg = Release|Any CPU
		{39246EEB-A340-4BCD-ACFF-B444BC241FD2}.Release|Any CPU.Build.0 = Release|Any CPU
		{CB2F9960-0259-4E13-A889-0400DF39BBE3}.Debug|Any CPU.ActiveCfg = Debug|Any CPU
		{CB2F9960-0259-4E13-A889-0400DF39BBE3}.Debug|Any CPU.Build.0 = Debug|Any CPU
		{CB2F9960-0259-4E13-A889-0400DF39BBE3}.Release|Any CPU.ActiveCfg = Release|Any CPU
		{CB2F9960-0259-4E13-A889-0400DF39BBE3}.Release|Any CPU.Build.0 = Release|Any CPU
		{2C786604-27E4-440B-B1D2-ADF8602FCA3D}.Debug|Any CPU.ActiveCfg = Debug|Any CPU
		{2C786604-27E4-440B-B1D2-ADF8602FCA3D}.Debug|Any CPU.Build.0 = Debug|Any CPU
		{2C786604-27E4-440B-B1D2-ADF8602FCA3D}.Release|Any CPU.ActiveCfg = Release|Any CPU
		{2C786604-27E4-440B-B1D2-ADF8602FCA3D}.Release|Any CPU.Build.0 = Release|Any CPU
		{A4FA83C5-0010-4482-ADDE-111B5B0B4FF9}.Debug|Any CPU.ActiveCfg = Debug|Any CPU
		{A4FA83C5-0010-4482-ADDE-111B5B0B4FF9}.Debug|Any CPU.Build.0 = Debug|Any CPU
		{A4FA83C5-0010-4482-ADDE-111B5B0B4FF9}.Release|Any CPU.ActiveCfg = Release|Any CPU
		{A4FA83C5-0010-4482-ADDE-111B5B0B4FF9}.Release|Any CPU.Build.0 = Release|Any CPU
		{BCDF49BF-95CA-493E-B5B9-DD192F1A72CE}.Debug|Any CPU.ActiveCfg = Debug|Any CPU
		{BCDF49BF-95CA-493E-B5B9-DD192F1A72CE}.Debug|Any CPU.Build.0 = Debug|Any CPU
		{BCDF49BF-95CA-493E-B5B9-DD192F1A72CE}.Release|Any CPU.ActiveCfg = Release|Any CPU
		{BCDF49BF-95CA-493E-B5B9-DD192F1A72CE}.Release|Any CPU.Build.0 = Release|Any CPU
		{305E35EE-3591-4E72-B7E2-FEAA65F1FE75}.Debug|Any CPU.ActiveCfg = Debug|Any CPU
		{305E35EE-3591-4E72-B7E2-FEAA65F1FE75}.Debug|Any CPU.Build.0 = Debug|Any CPU
		{305E35EE-3591-4E72-B7E2-FEAA65F1FE75}.Release|Any CPU.ActiveCfg = Release|Any CPU
		{305E35EE-3591-4E72-B7E2-FEAA65F1FE75}.Release|Any CPU.Build.0 = Release|Any CPU
		{081240C8-C09E-4AFB-A801-6CBE070C9F90}.Debug|Any CPU.ActiveCfg = Debug|Any CPU
		{081240C8-C09E-4AFB-A801-6CBE070C9F90}.Debug|Any CPU.Build.0 = Debug|Any CPU
		{081240C8-C09E-4AFB-A801-6CBE070C9F90}.Release|Any CPU.ActiveCfg = Release|Any CPU
		{081240C8-C09E-4AFB-A801-6CBE070C9F90}.Release|Any CPU.Build.0 = Release|Any CPU
		{058AA914-01E2-499F-B645-84F1CD7201DD}.Debug|Any CPU.ActiveCfg = Debug|Any CPU
		{058AA914-01E2-499F-B645-84F1CD7201DD}.Debug|Any CPU.Build.0 = Debug|Any CPU
		{058AA914-01E2-499F-B645-84F1CD7201DD}.Release|Any CPU.ActiveCfg = Release|Any CPU
		{058AA914-01E2-499F-B645-84F1CD7201DD}.Release|Any CPU.Build.0 = Release|Any CPU
		{D4FC2803-072F-4AAE-A40B-E2FEF1AD02A3}.Debug|Any CPU.ActiveCfg = Debug|Any CPU
		{D4FC2803-072F-4AAE-A40B-E2FEF1AD02A3}.Debug|Any CPU.Build.0 = Debug|Any CPU
		{D4FC2803-072F-4AAE-A40B-E2FEF1AD02A3}.Release|Any CPU.ActiveCfg = Release|Any CPU
		{D4FC2803-072F-4AAE-A40B-E2FEF1AD02A3}.Release|Any CPU.Build.0 = Release|Any CPU
		{EDD5798C-3BE5-4580-83EF-AC3D90D4989D}.Debug|Any CPU.ActiveCfg = Debug|Any CPU
		{EDD5798C-3BE5-4580-83EF-AC3D90D4989D}.Debug|Any CPU.Build.0 = Debug|Any CPU
		{EDD5798C-3BE5-4580-83EF-AC3D90D4989D}.Release|Any CPU.ActiveCfg = Release|Any CPU
		{EDD5798C-3BE5-4580-83EF-AC3D90D4989D}.Release|Any CPU.Build.0 = Release|Any CPU
		{A3EC8D5E-84C2-44A3-BB41-B2DEF13D8315}.Debug|Any CPU.ActiveCfg = Debug|Any CPU
		{A3EC8D5E-84C2-44A3-BB41-B2DEF13D8315}.Debug|Any CPU.Build.0 = Debug|Any CPU
		{A3EC8D5E-84C2-44A3-BB41-B2DEF13D8315}.Release|Any CPU.ActiveCfg = Release|Any CPU
		{A3EC8D5E-84C2-44A3-BB41-B2DEF13D8315}.Release|Any CPU.Build.0 = Release|Any CPU
		{9D8F4885-5F83-4DAE-9753-64A487CCB961}.Debug|Any CPU.ActiveCfg = Debug|Any CPU
		{9D8F4885-5F83-4DAE-9753-64A487CCB961}.Debug|Any CPU.Build.0 = Debug|Any CPU
		{9D8F4885-5F83-4DAE-9753-64A487CCB961}.Release|Any CPU.ActiveCfg = Release|Any CPU
		{9D8F4885-5F83-4DAE-9753-64A487CCB961}.Release|Any CPU.Build.0 = Release|Any CPU
		{EC6F026A-EBEC-40BB-9FF7-C30324673DF7}.Debug|Any CPU.ActiveCfg = Debug|Any CPU
		{EC6F026A-EBEC-40BB-9FF7-C30324673DF7}.Debug|Any CPU.Build.0 = Debug|Any CPU
		{EC6F026A-EBEC-40BB-9FF7-C30324673DF7}.Release|Any CPU.ActiveCfg = Release|Any CPU
		{EC6F026A-EBEC-40BB-9FF7-C30324673DF7}.Release|Any CPU.Build.0 = Release|Any CPU
		{228EB629-98D6-4053-B302-7874DF191627}.Debug|Any CPU.ActiveCfg = Debug|Any CPU
		{228EB629-98D6-4053-B302-7874DF191627}.Debug|Any CPU.Build.0 = Debug|Any CPU
		{228EB629-98D6-4053-B302-7874DF191627}.Release|Any CPU.ActiveCfg = Release|Any CPU
		{228EB629-98D6-4053-B302-7874DF191627}.Release|Any CPU.Build.0 = Release|Any CPU
		{7A89BF75-0685-4169-A83E-3B7FC9162FBB}.Debug|Any CPU.ActiveCfg = Debug|Any CPU
		{7A89BF75-0685-4169-A83E-3B7FC9162FBB}.Debug|Any CPU.Build.0 = Debug|Any CPU
		{7A89BF75-0685-4169-A83E-3B7FC9162FBB}.Release|Any CPU.ActiveCfg = Release|Any CPU
		{7A89BF75-0685-4169-A83E-3B7FC9162FBB}.Release|Any CPU.Build.0 = Release|Any CPU
		{03A4BEC5-05BE-4F52-BE0D-BF11388D9D69}.Debug|Any CPU.ActiveCfg = Debug|Any CPU
		{03A4BEC5-05BE-4F52-BE0D-BF11388D9D69}.Debug|Any CPU.Build.0 = Debug|Any CPU
		{03A4BEC5-05BE-4F52-BE0D-BF11388D9D69}.Release|Any CPU.ActiveCfg = Release|Any CPU
		{03A4BEC5-05BE-4F52-BE0D-BF11388D9D69}.Release|Any CPU.Build.0 = Release|Any CPU
		{C92C4812-97C7-4E01-B6FE-3F423B4C46A8}.Debug|Any CPU.ActiveCfg = Debug|Any CPU
		{C92C4812-97C7-4E01-B6FE-3F423B4C46A8}.Debug|Any CPU.Build.0 = Debug|Any CPU
		{C92C4812-97C7-4E01-B6FE-3F423B4C46A8}.Release|Any CPU.ActiveCfg = Release|Any CPU
		{C92C4812-97C7-4E01-B6FE-3F423B4C46A8}.Release|Any CPU.Build.0 = Release|Any CPU
		{6C8C28E2-4141-49EA-8111-A9F174CFB3BD}.Debug|Any CPU.ActiveCfg = Debug|Any CPU
		{6C8C28E2-4141-49EA-8111-A9F174CFB3BD}.Debug|Any CPU.Build.0 = Debug|Any CPU
		{6C8C28E2-4141-49EA-8111-A9F174CFB3BD}.Release|Any CPU.ActiveCfg = Release|Any CPU
		{6C8C28E2-4141-49EA-8111-A9F174CFB3BD}.Release|Any CPU.Build.0 = Release|Any CPU
		{BB50F89E-DE8B-413C-ACE8-B7A36D93E2B8}.Debug|Any CPU.ActiveCfg = Debug|Any CPU
		{BB50F89E-DE8B-413C-ACE8-B7A36D93E2B8}.Debug|Any CPU.Build.0 = Debug|Any CPU
		{BB50F89E-DE8B-413C-ACE8-B7A36D93E2B8}.Release|Any CPU.ActiveCfg = Release|Any CPU
		{BB50F89E-DE8B-413C-ACE8-B7A36D93E2B8}.Release|Any CPU.Build.0 = Release|Any CPU
	EndGlobalSection
	GlobalSection(SolutionProperties) = preSolution
		HideSolutionNode = FALSE
	EndGlobalSection
	GlobalSection(ExtensibilityGlobals) = postSolution
		SolutionGuid = {D7A11127-9CD5-4E99-82D0-8084ADBBBB60}
	EndGlobalSection
EndGlobal
