
Microsoft Visual Studio Solution File, Format Version 12.00
# Visual Studio Version 17
VisualStudioVersion = 17.2.32630.192
MinimumVisualStudioVersion = 10.0.40219.1
Project("{9A19103F-16F7-4668-BE54-9A1E7A4F7556}") = "R5T.L0040.Construction", "R5T.L0040.Construction\R5T.L0040.Construction.csproj", "{2A09EEE1-5A52-4F43-BE7C-30673992232F}"
EndProject
Project("{9A19103F-16F7-4668-BE54-9A1E7A4F7556}") = "R5T.L0040", "R5T.L0040\R5T.L0040.csproj", "{348ED5CB-D4AB-446D-8DC9-17AE3D0A2F17}"
EndProject
Project("{2150E333-8FDC-42A3-9474-1A3956D46DE8}") = "_Dependencies", "_Dependencies", "{35968BE2-D7F4-456F-BD80-6859B29BA15A}"
EndProject
Project("{9A19103F-16F7-4668-BE54-9A1E7A4F7556}") = "R5T.F0000", "..\..\R5T.F0000\source\R5T.F0000\R5T.F0000.csproj", "{8F66363B-6BE3-4A3E-B0D1-80993C559624}"
EndProject
Project("{9A19103F-16F7-4668-BE54-9A1E7A4F7556}") = "R5T.F0002", "..\..\R5T.F0002\source\R5T.F0002\R5T.F0002.csproj", "{2567AD4E-1B3F-4EC8-A39E-82839070EA8E}"
EndProject
Project("{9A19103F-16F7-4668-BE54-9A1E7A4F7556}") = "R5T.F0120", "..\..\R5T.F0120\source\R5T.F0120\R5T.F0120.csproj", "{67B8FA41-1C2E-47B2-ABAC-11F3673C4344}"
EndProject
Project("{9A19103F-16F7-4668-BE54-9A1E7A4F7556}") = "R5T.F0124", "..\..\R5T.F0124\source\R5T.F0124\R5T.F0124.csproj", "{0DEF440C-19CD-45F3-9879-C80A67B53C7F}"
EndProject
Project("{9A19103F-16F7-4668-BE54-9A1E7A4F7556}") = "R5T.F0125", "..\..\R5T.F0125\source\R5T.F0125\R5T.F0125.csproj", "{4864228E-77AC-4866-8871-446B96EDBC9E}"
EndProject
Project("{9A19103F-16F7-4668-BE54-9A1E7A4F7556}") = "R5T.L0030.T000", "..\..\R5T.L0030\source\R5T.L0030.T000\R5T.L0030.T000.csproj", "{D5D7E001-B806-41FD-AA47-2FE79FEB0970}"
EndProject
Project("{9A19103F-16F7-4668-BE54-9A1E7A4F7556}") = "R5T.L0030", "..\..\R5T.L0030\source\R5T.L0030\R5T.L0030.csproj", "{576DA982-ADDA-4D6D-8E50-42DE2E80953A}"
EndProject
Project("{9A19103F-16F7-4668-BE54-9A1E7A4F7556}") = "R5T.L0031.T000", "..\..\R5T.L0031\source\R5T.L0031.T000\R5T.L0031.T000.csproj", "{CEE9867F-B3A4-45BA-8806-6069840D4E12}"
EndProject
Project("{9A19103F-16F7-4668-BE54-9A1E7A4F7556}") = "R5T.L0031", "..\..\R5T.L0031\source\R5T.L0031\R5T.L0031.csproj", "{6605D30A-3E94-4149-9F80-B766D103C15C}"
EndProject
Project("{9A19103F-16F7-4668-BE54-9A1E7A4F7556}") = "R5T.L0034", "..\..\R5T.L0034\source\R5T.L0034\R5T.L0034.csproj", "{6D69E89F-F93B-47BE-8F87-5D671294FBFA}"
EndProject
Project("{9A19103F-16F7-4668-BE54-9A1E7A4F7556}") = "R5T.L0035", "..\..\R5T.L0035\source\R5T.L0035\R5T.L0035.csproj", "{A93BAB9D-AB43-42EA-B72B-B6FCFFA63A24}"
EndProject
Project("{9A19103F-16F7-4668-BE54-9A1E7A4F7556}") = "R5T.L0040.T000", "R5T.L0040.T000\R5T.L0040.T000.csproj", "{867E4CED-EEBE-436F-9050-CE6D5270EF83}"
EndProject
Project("{9A19103F-16F7-4668-BE54-9A1E7A4F7556}") = "R5T.NG0006", "..\..\R5T.NG0006\source\R5T.NG0006\R5T.NG0006.csproj", "{B4560DBD-A754-43F7-982E-D33FFCEF0472}"
EndProject
Project("{9A19103F-16F7-4668-BE54-9A1E7A4F7556}") = "R5T.T0131", "..\..\R5T.T0131\source\R5T.T0131\R5T.T0131.csproj", "{23055946-03FB-489A-9EFB-CE90FC5BC33B}"
EndProject
Project("{9A19103F-16F7-4668-BE54-9A1E7A4F7556}") = "R5T.T0132", "..\..\R5T.T0132\source\R5T.T0132\R5T.T0132.csproj", "{72DA5080-7365-48C7-9C23-C2CCE6D52703}"
EndProject
Project("{9A19103F-16F7-4668-BE54-9A1E7A4F7556}") = "R5T.T0137", "..\..\R5T.T0137\source\R5T.T0137\R5T.T0137.csproj", "{5BA0AD12-DC91-44D6-941C-5294BA2C3FE8}"
EndProject
Project("{9A19103F-16F7-4668-BE54-9A1E7A4F7556}") = "R5T.T0142", "..\..\R5T.T0142\source\R5T.T0142\R5T.T0142.csproj", "{B3C96824-F421-423A-A533-AB34FC89FADE}"
EndProject
Project("{9A19103F-16F7-4668-BE54-9A1E7A4F7556}") = "R5T.T0143", "..\..\R5T.T0143\source\R5T.T0143\R5T.T0143.csproj", "{7E2A80B7-CFFC-4AC8-AB23-10891034ABFA}"
EndProject
Project("{9A19103F-16F7-4668-BE54-9A1E7A4F7556}") = "R5T.T0150", "..\..\R5T.T0150\source\R5T.T0150\R5T.T0150.csproj", "{EE57EE3F-66F4-44CB-BE4B-00AB181685D3}"
EndProject
Project("{9A19103F-16F7-4668-BE54-9A1E7A4F7556}") = "R5T.T0151", "..\..\R5T.T0151\source\R5T.T0151\R5T.T0151.csproj", "{782B2B93-6D24-4F64-9D74-BACECFDAA21A}"
EndProject
Project("{9A19103F-16F7-4668-BE54-9A1E7A4F7556}") = "R5T.T0156", "..\..\R5T.T0156\source\R5T.T0156\R5T.T0156.csproj", "{17361B1C-283E-40D5-82F9-E8E80967A70D}"
EndProject
Project("{9A19103F-16F7-4668-BE54-9A1E7A4F7556}") = "R5T.T0158", "..\..\R5T.T0158\source\R5T.T0158\R5T.T0158.csproj", "{E6E40D4E-2D31-4003-AE0A-D8A03A2E36E8}"
EndProject
Project("{9A19103F-16F7-4668-BE54-9A1E7A4F7556}") = "R5T.T0159", "..\..\R5T.T0159\source\R5T.T0159\R5T.T0159.csproj", "{AC431FB2-4C5D-4C58-8A32-86825B694FD2}"
EndProject
Project("{9A19103F-16F7-4668-BE54-9A1E7A4F7556}") = "R5T.T0172", "..\..\R5T.T0172\source\R5T.T0172\R5T.T0172.csproj", "{6E782CB8-FC32-4F75-A57D-D84CC94163E5}"
EndProject
Project("{9A19103F-16F7-4668-BE54-9A1E7A4F7556}") = "R5T.T0174", "..\..\R5T.T0174\source\R5T.T0174\R5T.T0174.csproj", "{AAA021BF-EE43-4BD6-A1BC-6B64A0285E7A}"
EndProject
Project("{9A19103F-16F7-4668-BE54-9A1E7A4F7556}") = "R5T.T0176", "..\..\R5T.T0176\source\R5T.T0176\R5T.T0176.csproj", "{ADAC3FB7-C7C7-4B25-A7C8-6DEADB1CF040}"
EndProject
Project("{9A19103F-16F7-4668-BE54-9A1E7A4F7556}") = "R5T.T0177", "..\..\R5T.T0177\source\R5T.T0177\R5T.T0177.csproj", "{D1C714DA-BE29-4715-9713-060ADEE324A2}"
EndProject
Project("{9A19103F-16F7-4668-BE54-9A1E7A4F7556}") = "R5T.T0178", "..\..\R5T.T0178\source\R5T.T0178\R5T.T0178.csproj", "{BB5B01E9-764A-45FF-A0A2-83031B374116}"
EndProject
Project("{9A19103F-16F7-4668-BE54-9A1E7A4F7556}") = "R5T.T0179", "..\..\R5T.T0179\source\R5T.T0179\R5T.T0179.csproj", "{BD52DA71-8B18-4463-976F-775D6DA8A540}"
EndProject
Project("{9A19103F-16F7-4668-BE54-9A1E7A4F7556}") = "R5T.T0180", "..\..\R5T.T0180\source\R5T.T0180\R5T.T0180.csproj", "{F0ED1466-FE79-442E-AD26-524C131EB8C2}"
EndProject
Project("{9A19103F-16F7-4668-BE54-9A1E7A4F7556}") = "R5T.T0181", "..\..\R5T.T0181\source\R5T.T0181\R5T.T0181.csproj", "{737ACF33-4A68-4479-9E76-F5A5038A544F}"
EndProject
Project("{9A19103F-16F7-4668-BE54-9A1E7A4F7556}") = "R5T.T0185", "..\..\R5T.T0185\source\R5T.T0185\R5T.T0185.csproj", "{011D8B40-99B5-4658-A5F7-9D8953A445A1}"
EndProject
Project("{9A19103F-16F7-4668-BE54-9A1E7A4F7556}") = "R5T.T0187", "..\..\R5T.T0187\source\R5T.T0187\R5T.T0187.csproj", "{CA263411-9320-4B3A-B8EE-9B3A1DFF032D}"
EndProject
Project("{9A19103F-16F7-4668-BE54-9A1E7A4F7556}") = "R5T.T0194", "..\..\R5T.T0194\source\R5T.T0194\R5T.T0194.csproj", "{29824DD8-2AF8-45E6-9459-689EDEE07EC1}"
EndProject
Project("{9A19103F-16F7-4668-BE54-9A1E7A4F7556}") = "R5T.Y0000", "..\..\R5T.Y0000\source\R5T.Y0000\R5T.Y0000.csproj", "{F3286297-C5FD-45FA-9F9A-555B01991092}"
EndProject
Project("{9A19103F-16F7-4668-BE54-9A1E7A4F7556}") = "R5T.Z0000", "..\..\R5T.Z0000\source\R5T.Z0000\R5T.Z0000.csproj", "{D9A92514-0AB4-4D88-BA15-B32D34252968}"
EndProject
Project("{9A19103F-16F7-4668-BE54-9A1E7A4F7556}") = "R5T.F0129", "..\..\R5T.F0129\source\R5T.F0129\R5T.F0129.csproj", "{A51C4E53-ECC6-410F-A659-9752EA67C0FB}"
EndProject
Project("{9A19103F-16F7-4668-BE54-9A1E7A4F7556}") = "R5T.Z0044.Z001", "..\..\R5T.Z0044\source\R5T.Z0044.Z001\R5T.Z0044.Z001.csproj", "{9839AE03-DB9E-456A-ABA3-0FE7CBE67B73}"
EndProject
Project("{9A19103F-16F7-4668-BE54-9A1E7A4F7556}") = "R5T.F0130", "..\..\R5T.F0130\source\R5T.F0130\R5T.F0130.csproj", "{41C0036A-207D-476F-9198-48C2DE7A8759}"
EndProject
Project("{9A19103F-16F7-4668-BE54-9A1E7A4F7556}") = "R5T.L0039.T000", "..\..\R5T.L0039\source\R5T.L0039.T000\R5T.L0039.T000.csproj", "{3B8AEBAA-3940-4EFC-9E2A-919EB4C965FE}"
EndProject
Project("{9A19103F-16F7-4668-BE54-9A1E7A4F7556}") = "R5T.T0161", "..\..\R5T.T0161\source\R5T.T0161\R5T.T0161.csproj", "{A324F0AA-CE3C-4F69-8962-E7D118C77C4C}"
EndProject
Project("{9A19103F-16F7-4668-BE54-9A1E7A4F7556}") = "R5T.L0032.T000", "..\..\R5T.L0032\source\R5T.L0032.T000\R5T.L0032.T000.csproj", "{8FBF9D3B-189A-4472-9072-9184D87B9762}"
EndProject
Project("{9A19103F-16F7-4668-BE54-9A1E7A4F7556}") = "R5T.L0033.T000", "..\..\R5T.L0033\source\R5T.L0033.T000\R5T.L0033.T000.csproj", "{71A992EB-6DCB-4069-A7A3-FF6C2B1E3C41}"
EndProject
Project("{9A19103F-16F7-4668-BE54-9A1E7A4F7556}") = "R5T.F0020", "..\..\R5T.F0020\source\R5T.F0020\R5T.F0020.csproj", "{16723A60-B4C3-4F50-8DC7-8B4A0C0FBFEE}"
EndProject
Project("{9A19103F-16F7-4668-BE54-9A1E7A4F7556}") = "R5T.F0040.F000", "..\..\R5T.F0040\source\R5T.F0040.F000\R5T.F0040.F000.csproj", "{98A193B5-934D-4595-9412-B41989ACB816}"
EndProject
Project("{9A19103F-16F7-4668-BE54-9A1E7A4F7556}") = "R5T.T0152", "..\..\R5T.T0152\source\R5T.T0152\R5T.T0152.csproj", "{B1FAEA0B-726B-4776-81BF-E84C3B187FDC}"
EndProject
Project("{9A19103F-16F7-4668-BE54-9A1E7A4F7556}") = "R5T.F0016.F001", "..\..\R5T.F0016\source\R5T.F0016.F001\R5T.F0016.F001.csproj", "{5DF5E055-A55E-4BFA-9CC1-475B87EB402D}"
EndProject
Project("{9A19103F-16F7-4668-BE54-9A1E7A4F7556}") = "R5T.F0016", "..\..\R5T.F0016\source\R5T.F0016\R5T.F0016.csproj", "{D03F4320-98EA-473F-9EF1-27C2ADB1E8DA}"
EndProject
Project("{9A19103F-16F7-4668-BE54-9A1E7A4F7556}") = "R5T.F0019", "..\..\R5T.F0019\source\R5T.F0019\R5T.F0019.csproj", "{50C1E6C9-F8DD-49EF-9F8E-F2468A3D8457}"
EndProject
Project("{9A19103F-16F7-4668-BE54-9A1E7A4F7556}") = "R5T.F0024.T001", "..\..\R5T.F0024\source\R5T.F0024.T001\R5T.F0024.T001.csproj", "{1ECD83C0-3699-49FF-8EDD-9F6A14D177FE}"
EndProject
Project("{9A19103F-16F7-4668-BE54-9A1E7A4F7556}") = "R5T.F0024", "..\..\R5T.F0024\source\R5T.F0024\R5T.F0024.csproj", "{428501CB-BFEA-455F-8177-310A3604CBFB}"
EndProject
Project("{9A19103F-16F7-4668-BE54-9A1E7A4F7556}") = "R5T.F0032", "..\..\R5T.F0032\source\R5T.F0032\R5T.F0032.csproj", "{40BE7966-AA2D-4FC2-8058-5985100C37D7}"
EndProject
Project("{9A19103F-16F7-4668-BE54-9A1E7A4F7556}") = "R5T.F0041", "..\..\R5T.F0041\source\R5T.F0041\R5T.F0041.csproj", "{49221505-D816-48B3-8BFE-100F0BA5A9A9}"
EndProject
Project("{9A19103F-16F7-4668-BE54-9A1E7A4F7556}") = "R5T.F0042.F001", "..\..\R5T.F0042\source\R5T.F0042.F001\R5T.F0042.F001.csproj", "{D54981DE-4A7A-4376-8B03-34C4AFC9F49C}"
EndProject
Project("{9A19103F-16F7-4668-BE54-9A1E7A4F7556}") = "R5T.F0042", "..\..\R5T.F0042\source\R5T.F0042\R5T.F0042.csproj", "{DFDA90A4-A45E-44BA-80EA-D0CBFD54F765}"
EndProject
Project("{9A19103F-16F7-4668-BE54-9A1E7A4F7556}") = "R5T.F0044", "..\..\R5T.F0044\source\R5T.F0044\R5T.F0044.csproj", "{4E1533DF-5134-4799-BC0D-E71D77B8C05D}"
EndProject
Project("{9A19103F-16F7-4668-BE54-9A1E7A4F7556}") = "R5T.F0046", "..\..\R5T.F0046\source\R5T.F0046\R5T.F0046.csproj", "{CE40E7F3-1292-4179-A76D-9AC618085390}"
EndProject
Project("{9A19103F-16F7-4668-BE54-9A1E7A4F7556}") = "R5T.F0047", "..\..\R5T.F0047\source\R5T.F0047\R5T.F0047.csproj", "{E2989D4A-EC53-45CA-BAF2-2B349FB85A52}"
EndProject
Project("{9A19103F-16F7-4668-BE54-9A1E7A4F7556}") = "R5T.F0050", "..\..\R5T.F0050\source\R5T.F0050\R5T.F0050.csproj", "{2B9A4534-9715-46EF-B469-8F5EC68303C7}"
EndProject
Project("{9A19103F-16F7-4668-BE54-9A1E7A4F7556}") = "R5T.F0051", "..\..\R5T.F0051\source\R5T.F0051\R5T.F0051.csproj", "{ABF7C99A-CE7E-4FA3-9B04-2534D5F59281}"
EndProject
Project("{9A19103F-16F7-4668-BE54-9A1E7A4F7556}") = "R5T.F0052", "..\..\R5T.F0052\source\R5T.F0052\R5T.F0052.csproj", "{3E7E1DC7-BB05-43AE-8DC8-2E6F4BBB312B}"
EndProject
Project("{9A19103F-16F7-4668-BE54-9A1E7A4F7556}") = "R5T.F0053", "..\..\R5T.F0053\source\R5T.F0053\R5T.F0053.csproj", "{5ABDDBAC-6A33-4CEF-8ECE-313DF828B8E7}"
EndProject
Project("{9A19103F-16F7-4668-BE54-9A1E7A4F7556}") = "R5T.F0054", "..\..\R5T.F0054\source\R5T.F0054\R5T.F0054.csproj", "{7D51B271-E239-40C0-9BEF-92D07C72A0BF}"
EndProject
Project("{9A19103F-16F7-4668-BE54-9A1E7A4F7556}") = "R5T.F0056", "..\..\R5T.F0056\source\R5T.F0056\R5T.F0056.csproj", "{D05596E1-DF38-49D8-838A-56B4DE29142A}"
EndProject
Project("{9A19103F-16F7-4668-BE54-9A1E7A4F7556}") = "R5T.F0057", "..\..\R5T.F0057\source\R5T.F0057\R5T.F0057.csproj", "{8610DB14-117F-48E6-956B-C09A2C59B4E8}"
EndProject
Project("{9A19103F-16F7-4668-BE54-9A1E7A4F7556}") = "R5T.F0063.F001", "..\..\R5T.F0063\source\R5T.F0063.F001\R5T.F0063.F001.csproj", "{AE032559-3118-48A7-9A96-C7D908F1BEA0}"
EndProject
Project("{9A19103F-16F7-4668-BE54-9A1E7A4F7556}") = "R5T.F0091", "..\..\R5T.F0091\source\R5T.F0091\R5T.F0091.csproj", "{C9FD3BDE-5D44-4EC3-A3AE-25D83B2DAAC8}"
EndProject
Project("{9A19103F-16F7-4668-BE54-9A1E7A4F7556}") = "R5T.L0001.Y000", "..\..\R5T.L0001\source\R5T.L0001.Y000\R5T.L0001.Y000.csproj", "{AD0F1118-A7F1-4573-9643-31804F52E376}"
EndProject
Project("{9A19103F-16F7-4668-BE54-9A1E7A4F7556}") = "R5T.L0001.Z000", "..\..\R5T.L0001\source\R5T.L0001.Z000\R5T.L0001.Z000.csproj", "{3CFFE9B5-8038-46FF-B9A4-E45E29665736}"
EndProject
Project("{9A19103F-16F7-4668-BE54-9A1E7A4F7556}") = "R5T.L0001", "..\..\R5T.L0001\source\R5T.L0001\R5T.L0001.csproj", "{05BECADB-C882-4DEE-B7E6-C420B362277F}"
EndProject
Project("{9A19103F-16F7-4668-BE54-9A1E7A4F7556}") = "R5T.NG0005", "..\..\R5T.NG0005\source\R5T.NG0005\R5T.NG0005.csproj", "{94B534F7-E7E4-4FB7-9698-14290C142049}"
EndProject
Project("{9A19103F-16F7-4668-BE54-9A1E7A4F7556}") = "R5T.NG0008", "..\..\R5T.NG0008\source\R5T.NG0008\R5T.NG0008.csproj", "{55C435D5-67EC-4526-B349-D808A3AF20BC}"
EndProject
Project("{9A19103F-16F7-4668-BE54-9A1E7A4F7556}") = "R5T.T0046", "..\..\R5T.T0046\source\R5T.T0046\R5T.T0046.csproj", "{470DD3F7-A8F7-40B5-82DC-A0988E441C74}"
EndProject
Project("{9A19103F-16F7-4668-BE54-9A1E7A4F7556}") = "R5T.T0144", "..\..\R5T.T0144\source\R5T.T0144\R5T.T0144.csproj", "{018164B5-15CE-44D1-A946-73664B5BF0A6}"
EndProject
Project("{9A19103F-16F7-4668-BE54-9A1E7A4F7556}") = "R5T.T0188", "..\..\R5T.T0188\source\R5T.T0188\R5T.T0188.csproj", "{E4C82CDD-8AF6-4D9A-8AFB-ADCD850D7BDB}"
EndProject
Project("{9A19103F-16F7-4668-BE54-9A1E7A4F7556}") = "R5T.Y0004", "..\..\R5T.Y0004\source\R5T.Y0004\R5T.Y0004.csproj", "{E59A7BFE-AC0A-47A0-A8D0-D4D8F197FDB7}"
EndProject
Project("{9A19103F-16F7-4668-BE54-9A1E7A4F7556}") = "R5T.Z0005", "..\..\R5T.Z0005\source\R5T.Z0005\R5T.Z0005.csproj", "{1B9D9A9A-3D81-48BE-95CE-8F805E3637AE}"
EndProject
Project("{9A19103F-16F7-4668-BE54-9A1E7A4F7556}") = "R5T.Z0009", "..\..\R5T.Z0009\source\R5T.Z0009\R5T.Z0009.csproj", "{8B9273B4-DB9C-4D25-9AEA-037212B07443}"
EndProject
Project("{9A19103F-16F7-4668-BE54-9A1E7A4F7556}") = "R5T.Z0013", "..\..\R5T.Z0013\source\R5T.Z0013\R5T.Z0013.csproj", "{3FF70A7C-9B49-4379-A0CE-3C1D080BF119}"
EndProject
Project("{9A19103F-16F7-4668-BE54-9A1E7A4F7556}") = "R5T.Z0036", "..\..\R5T.Z0036\source\R5T.Z0036\R5T.Z0036.csproj", "{26A57841-00DA-44F8-9455-F3501F1B57C7}"
EndProject
Project("{9A19103F-16F7-4668-BE54-9A1E7A4F7556}") = "R5T.L0032.Z000", "..\..\R5T.L0032\source\R5T.L0032.Z000\R5T.L0032.Z000.csproj", "{1599BF12-F5CB-46E4-9148-A302525B1D5A}"
EndProject
Project("{9A19103F-16F7-4668-BE54-9A1E7A4F7556}") = "R5T.L0032", "..\..\R5T.L0032\source\R5T.L0032\R5T.L0032.csproj", "{895F34D0-957A-44D2-AD7B-5B0C7C3FC1C4}"
EndProject
Project("{9A19103F-16F7-4668-BE54-9A1E7A4F7556}") = "R5T.L0033", "..\..\R5T.L0033\source\R5T.L0033\R5T.L0033.csproj", "{E5563C07-40EB-4BFB-BA08-AF61B6DD4403}"
EndProject
Project("{9A19103F-16F7-4668-BE54-9A1E7A4F7556}") = "R5T.T0195", "..\..\R5T.T0195\source\R5T.T0195\R5T.T0195.csproj", "{FD5D7C8D-5337-4BE1-8AF5-1C1BFA78DE71}"
EndProject
Project("{9A19103F-16F7-4668-BE54-9A1E7A4F7556}") = "R5T.F0063", "..\..\R5T.F0063\source\R5T.F0063\R5T.F0063.csproj", "{0B459227-43D6-45B0-9FCD-04A4DBAC4227}"
EndProject
Global
	GlobalSection(NestedProjects) = preSolution
		{8F66363B-6BE3-4A3E-B0D1-80993C559624} = {35968BE2-D7F4-456F-BD80-6859B29BA15A}
		{2567AD4E-1B3F-4EC8-A39E-82839070EA8E} = {35968BE2-D7F4-456F-BD80-6859B29BA15A}
		{67B8FA41-1C2E-47B2-ABAC-11F3673C4344} = {35968BE2-D7F4-456F-BD80-6859B29BA15A}
		{0DEF440C-19CD-45F3-9879-C80A67B53C7F} = {35968BE2-D7F4-456F-BD80-6859B29BA15A}
		{4864228E-77AC-4866-8871-446B96EDBC9E} = {35968BE2-D7F4-456F-BD80-6859B29BA15A}
		{D5D7E001-B806-41FD-AA47-2FE79FEB0970} = {35968BE2-D7F4-456F-BD80-6859B29BA15A}
		{576DA982-ADDA-4D6D-8E50-42DE2E80953A} = {35968BE2-D7F4-456F-BD80-6859B29BA15A}
		{CEE9867F-B3A4-45BA-8806-6069840D4E12} = {35968BE2-D7F4-456F-BD80-6859B29BA15A}
		{6605D30A-3E94-4149-9F80-B766D103C15C} = {35968BE2-D7F4-456F-BD80-6859B29BA15A}
		{6D69E89F-F93B-47BE-8F87-5D671294FBFA} = {35968BE2-D7F4-456F-BD80-6859B29BA15A}
		{A93BAB9D-AB43-42EA-B72B-B6FCFFA63A24} = {35968BE2-D7F4-456F-BD80-6859B29BA15A}
		{867E4CED-EEBE-436F-9050-CE6D5270EF83} = {35968BE2-D7F4-456F-BD80-6859B29BA15A}
		{B4560DBD-A754-43F7-982E-D33FFCEF0472} = {35968BE2-D7F4-456F-BD80-6859B29BA15A}
		{23055946-03FB-489A-9EFB-CE90FC5BC33B} = {35968BE2-D7F4-456F-BD80-6859B29BA15A}
		{72DA5080-7365-48C7-9C23-C2CCE6D52703} = {35968BE2-D7F4-456F-BD80-6859B29BA15A}
		{5BA0AD12-DC91-44D6-941C-5294BA2C3FE8} = {35968BE2-D7F4-456F-BD80-6859B29BA15A}
		{B3C96824-F421-423A-A533-AB34FC89FADE} = {35968BE2-D7F4-456F-BD80-6859B29BA15A}
		{7E2A80B7-CFFC-4AC8-AB23-10891034ABFA} = {35968BE2-D7F4-456F-BD80-6859B29BA15A}
		{EE57EE3F-66F4-44CB-BE4B-00AB181685D3} = {35968BE2-D7F4-456F-BD80-6859B29BA15A}
		{782B2B93-6D24-4F64-9D74-BACECFDAA21A} = {35968BE2-D7F4-456F-BD80-6859B29BA15A}
		{17361B1C-283E-40D5-82F9-E8E80967A70D} = {35968BE2-D7F4-456F-BD80-6859B29BA15A}
		{E6E40D4E-2D31-4003-AE0A-D8A03A2E36E8} = {35968BE2-D7F4-456F-BD80-6859B29BA15A}
		{AC431FB2-4C5D-4C58-8A32-86825B694FD2} = {35968BE2-D7F4-456F-BD80-6859B29BA15A}
		{6E782CB8-FC32-4F75-A57D-D84CC94163E5} = {35968BE2-D7F4-456F-BD80-6859B29BA15A}
		{AAA021BF-EE43-4BD6-A1BC-6B64A0285E7A} = {35968BE2-D7F4-456F-BD80-6859B29BA15A}
		{ADAC3FB7-C7C7-4B25-A7C8-6DEADB1CF040} = {35968BE2-D7F4-456F-BD80-6859B29BA15A}
		{D1C714DA-BE29-4715-9713-060ADEE324A2} = {35968BE2-D7F4-456F-BD80-6859B29BA15A}
		{BB5B01E9-764A-45FF-A0A2-83031B374116} = {35968BE2-D7F4-456F-BD80-6859B29BA15A}
		{BD52DA71-8B18-4463-976F-775D6DA8A540} = {35968BE2-D7F4-456F-BD80-6859B29BA15A}
		{F0ED1466-FE79-442E-AD26-524C131EB8C2} = {35968BE2-D7F4-456F-BD80-6859B29BA15A}
		{737ACF33-4A68-4479-9E76-F5A5038A544F} = {35968BE2-D7F4-456F-BD80-6859B29BA15A}
		{011D8B40-99B5-4658-A5F7-9D8953A445A1} = {35968BE2-D7F4-456F-BD80-6859B29BA15A}
		{CA263411-9320-4B3A-B8EE-9B3A1DFF032D} = {35968BE2-D7F4-456F-BD80-6859B29BA15A}
		{29824DD8-2AF8-45E6-9459-689EDEE07EC1} = {35968BE2-D7F4-456F-BD80-6859B29BA15A}
		{F3286297-C5FD-45FA-9F9A-555B01991092} = {35968BE2-D7F4-456F-BD80-6859B29BA15A}
		{D9A92514-0AB4-4D88-BA15-B32D34252968} = {35968BE2-D7F4-456F-BD80-6859B29BA15A}
		{A51C4E53-ECC6-410F-A659-9752EA67C0FB} = {35968BE2-D7F4-456F-BD80-6859B29BA15A}
		{9839AE03-DB9E-456A-ABA3-0FE7CBE67B73} = {35968BE2-D7F4-456F-BD80-6859B29BA15A}
		{41C0036A-207D-476F-9198-48C2DE7A8759} = {35968BE2-D7F4-456F-BD80-6859B29BA15A}
		{3B8AEBAA-3940-4EFC-9E2A-919EB4C965FE} = {35968BE2-D7F4-456F-BD80-6859B29BA15A}
		{A324F0AA-CE3C-4F69-8962-E7D118C77C4C} = {35968BE2-D7F4-456F-BD80-6859B29BA15A}
		{8FBF9D3B-189A-4472-9072-9184D87B9762} = {35968BE2-D7F4-456F-BD80-6859B29BA15A}
		{71A992EB-6DCB-4069-A7A3-FF6C2B1E3C41} = {35968BE2-D7F4-456F-BD80-6859B29BA15A}
		{16723A60-B4C3-4F50-8DC7-8B4A0C0FBFEE} = {35968BE2-D7F4-456F-BD80-6859B29BA15A}
		{98A193B5-934D-4595-9412-B41989ACB816} = {35968BE2-D7F4-456F-BD80-6859B29BA15A}
		{B1FAEA0B-726B-4776-81BF-E84C3B187FDC} = {35968BE2-D7F4-456F-BD80-6859B29BA15A}
		{5DF5E055-A55E-4BFA-9CC1-475B87EB402D} = {35968BE2-D7F4-456F-BD80-6859B29BA15A}
		{D03F4320-98EA-473F-9EF1-27C2ADB1E8DA} = {35968BE2-D7F4-456F-BD80-6859B29BA15A}
		{50C1E6C9-F8DD-49EF-9F8E-F2468A3D8457} = {35968BE2-D7F4-456F-BD80-6859B29BA15A}
		{1ECD83C0-3699-49FF-8EDD-9F6A14D177FE} = {35968BE2-D7F4-456F-BD80-6859B29BA15A}
		{428501CB-BFEA-455F-8177-310A3604CBFB} = {35968BE2-D7F4-456F-BD80-6859B29BA15A}
		{40BE7966-AA2D-4FC2-8058-5985100C37D7} = {35968BE2-D7F4-456F-BD80-6859B29BA15A}
		{49221505-D816-48B3-8BFE-100F0BA5A9A9} = {35968BE2-D7F4-456F-BD80-6859B29BA15A}
		{D54981DE-4A7A-4376-8B03-34C4AFC9F49C} = {35968BE2-D7F4-456F-BD80-6859B29BA15A}
		{DFDA90A4-A45E-44BA-80EA-D0CBFD54F765} = {35968BE2-D7F4-456F-BD80-6859B29BA15A}
		{4E1533DF-5134-4799-BC0D-E71D77B8C05D} = {35968BE2-D7F4-456F-BD80-6859B29BA15A}
		{CE40E7F3-1292-4179-A76D-9AC618085390} = {35968BE2-D7F4-456F-BD80-6859B29BA15A}
		{E2989D4A-EC53-45CA-BAF2-2B349FB85A52} = {35968BE2-D7F4-456F-BD80-6859B29BA15A}
		{2B9A4534-9715-46EF-B469-8F5EC68303C7} = {35968BE2-D7F4-456F-BD80-6859B29BA15A}
		{ABF7C99A-CE7E-4FA3-9B04-2534D5F59281} = {35968BE2-D7F4-456F-BD80-6859B29BA15A}
		{3E7E1DC7-BB05-43AE-8DC8-2E6F4BBB312B} = {35968BE2-D7F4-456F-BD80-6859B29BA15A}
		{5ABDDBAC-6A33-4CEF-8ECE-313DF828B8E7} = {35968BE2-D7F4-456F-BD80-6859B29BA15A}
		{7D51B271-E239-40C0-9BEF-92D07C72A0BF} = {35968BE2-D7F4-456F-BD80-6859B29BA15A}
		{D05596E1-DF38-49D8-838A-56B4DE29142A} = {35968BE2-D7F4-456F-BD80-6859B29BA15A}
		{8610DB14-117F-48E6-956B-C09A2C59B4E8} = {35968BE2-D7F4-456F-BD80-6859B29BA15A}
		{AE032559-3118-48A7-9A96-C7D908F1BEA0} = {35968BE2-D7F4-456F-BD80-6859B29BA15A}
		{C9FD3BDE-5D44-4EC3-A3AE-25D83B2DAAC8} = {35968BE2-D7F4-456F-BD80-6859B29BA15A}
		{AD0F1118-A7F1-4573-9643-31804F52E376} = {35968BE2-D7F4-456F-BD80-6859B29BA15A}
		{3CFFE9B5-8038-46FF-B9A4-E45E29665736} = {35968BE2-D7F4-456F-BD80-6859B29BA15A}
		{05BECADB-C882-4DEE-B7E6-C420B362277F} = {35968BE2-D7F4-456F-BD80-6859B29BA15A}
		{94B534F7-E7E4-4FB7-9698-14290C142049} = {35968BE2-D7F4-456F-BD80-6859B29BA15A}
		{55C435D5-67EC-4526-B349-D808A3AF20BC} = {35968BE2-D7F4-456F-BD80-6859B29BA15A}
		{470DD3F7-A8F7-40B5-82DC-A0988E441C74} = {35968BE2-D7F4-456F-BD80-6859B29BA15A}
		{018164B5-15CE-44D1-A946-73664B5BF0A6} = {35968BE2-D7F4-456F-BD80-6859B29BA15A}
		{E4C82CDD-8AF6-4D9A-8AFB-ADCD850D7BDB} = {35968BE2-D7F4-456F-BD80-6859B29BA15A}
		{E59A7BFE-AC0A-47A0-A8D0-D4D8F197FDB7} = {35968BE2-D7F4-456F-BD80-6859B29BA15A}
		{1B9D9A9A-3D81-48BE-95CE-8F805E3637AE} = {35968BE2-D7F4-456F-BD80-6859B29BA15A}
		{8B9273B4-DB9C-4D25-9AEA-037212B07443} = {35968BE2-D7F4-456F-BD80-6859B29BA15A}
		{3FF70A7C-9B49-4379-A0CE-3C1D080BF119} = {35968BE2-D7F4-456F-BD80-6859B29BA15A}
		{26A57841-00DA-44F8-9455-F3501F1B57C7} = {35968BE2-D7F4-456F-BD80-6859B29BA15A}
		{1599BF12-F5CB-46E4-9148-A302525B1D5A} = {35968BE2-D7F4-456F-BD80-6859B29BA15A}
		{895F34D0-957A-44D2-AD7B-5B0C7C3FC1C4} = {35968BE2-D7F4-456F-BD80-6859B29BA15A}
		{E5563C07-40EB-4BFB-BA08-AF61B6DD4403} = {35968BE2-D7F4-456F-BD80-6859B29BA15A}
		{FD5D7C8D-5337-4BE1-8AF5-1C1BFA78DE71} = {35968BE2-D7F4-456F-BD80-6859B29BA15A}
		{0B459227-43D6-45B0-9FCD-04A4DBAC4227} = {35968BE2-D7F4-456F-BD80-6859B29BA15A}
	EndGlobalSection
	GlobalSection(SolutionConfigurationPlatforms) = preSolution
		Debug|Any CPU = Debug|Any CPU
		Release|Any CPU = Release|Any CPU
	EndGlobalSection
	GlobalSection(ProjectConfigurationPlatforms) = postSolution
		{2A09EEE1-5A52-4F43-BE7C-30673992232F}.Debug|Any CPU.ActiveCfg = Debug|Any CPU
		{2A09EEE1-5A52-4F43-BE7C-30673992232F}.Debug|Any CPU.Build.0 = Debug|Any CPU
		{2A09EEE1-5A52-4F43-BE7C-30673992232F}.Release|Any CPU.ActiveCfg = Release|Any CPU
		{2A09EEE1-5A52-4F43-BE7C-30673992232F}.Release|Any CPU.Build.0 = Release|Any CPU
		{348ED5CB-D4AB-446D-8DC9-17AE3D0A2F17}.Debug|Any CPU.ActiveCfg = Debug|Any CPU
		{348ED5CB-D4AB-446D-8DC9-17AE3D0A2F17}.Debug|Any CPU.Build.0 = Debug|Any CPU
		{348ED5CB-D4AB-446D-8DC9-17AE3D0A2F17}.Release|Any CPU.ActiveCfg = Release|Any CPU
		{348ED5CB-D4AB-446D-8DC9-17AE3D0A2F17}.Release|Any CPU.Build.0 = Release|Any CPU
		{8F66363B-6BE3-4A3E-B0D1-80993C559624}.Debug|Any CPU.ActiveCfg = Debug|Any CPU
		{8F66363B-6BE3-4A3E-B0D1-80993C559624}.Debug|Any CPU.Build.0 = Debug|Any CPU
		{8F66363B-6BE3-4A3E-B0D1-80993C559624}.Release|Any CPU.ActiveCfg = Release|Any CPU
		{8F66363B-6BE3-4A3E-B0D1-80993C559624}.Release|Any CPU.Build.0 = Release|Any CPU
		{2567AD4E-1B3F-4EC8-A39E-82839070EA8E}.Debug|Any CPU.ActiveCfg = Debug|Any CPU
		{2567AD4E-1B3F-4EC8-A39E-82839070EA8E}.Debug|Any CPU.Build.0 = Debug|Any CPU
		{2567AD4E-1B3F-4EC8-A39E-82839070EA8E}.Release|Any CPU.ActiveCfg = Release|Any CPU
		{2567AD4E-1B3F-4EC8-A39E-82839070EA8E}.Release|Any CPU.Build.0 = Release|Any CPU
		{67B8FA41-1C2E-47B2-ABAC-11F3673C4344}.Debug|Any CPU.ActiveCfg = Debug|Any CPU
		{67B8FA41-1C2E-47B2-ABAC-11F3673C4344}.Debug|Any CPU.Build.0 = Debug|Any CPU
		{67B8FA41-1C2E-47B2-ABAC-11F3673C4344}.Release|Any CPU.ActiveCfg = Release|Any CPU
		{67B8FA41-1C2E-47B2-ABAC-11F3673C4344}.Release|Any CPU.Build.0 = Release|Any CPU
		{0DEF440C-19CD-45F3-9879-C80A67B53C7F}.Debug|Any CPU.ActiveCfg = Debug|Any CPU
		{0DEF440C-19CD-45F3-9879-C80A67B53C7F}.Debug|Any CPU.Build.0 = Debug|Any CPU
		{0DEF440C-19CD-45F3-9879-C80A67B53C7F}.Release|Any CPU.ActiveCfg = Release|Any CPU
		{0DEF440C-19CD-45F3-9879-C80A67B53C7F}.Release|Any CPU.Build.0 = Release|Any CPU
		{4864228E-77AC-4866-8871-446B96EDBC9E}.Debug|Any CPU.ActiveCfg = Debug|Any CPU
		{4864228E-77AC-4866-8871-446B96EDBC9E}.Debug|Any CPU.Build.0 = Debug|Any CPU
		{4864228E-77AC-4866-8871-446B96EDBC9E}.Release|Any CPU.ActiveCfg = Release|Any CPU
		{4864228E-77AC-4866-8871-446B96EDBC9E}.Release|Any CPU.Build.0 = Release|Any CPU
		{D5D7E001-B806-41FD-AA47-2FE79FEB0970}.Debug|Any CPU.ActiveCfg = Debug|Any CPU
		{D5D7E001-B806-41FD-AA47-2FE79FEB0970}.Debug|Any CPU.Build.0 = Debug|Any CPU
		{D5D7E001-B806-41FD-AA47-2FE79FEB0970}.Release|Any CPU.ActiveCfg = Release|Any CPU
		{D5D7E001-B806-41FD-AA47-2FE79FEB0970}.Release|Any CPU.Build.0 = Release|Any CPU
		{576DA982-ADDA-4D6D-8E50-42DE2E80953A}.Debug|Any CPU.ActiveCfg = Debug|Any CPU
		{576DA982-ADDA-4D6D-8E50-42DE2E80953A}.Debug|Any CPU.Build.0 = Debug|Any CPU
		{576DA982-ADDA-4D6D-8E50-42DE2E80953A}.Release|Any CPU.ActiveCfg = Release|Any CPU
		{576DA982-ADDA-4D6D-8E50-42DE2E80953A}.Release|Any CPU.Build.0 = Release|Any CPU
		{CEE9867F-B3A4-45BA-8806-6069840D4E12}.Debug|Any CPU.ActiveCfg = Debug|Any CPU
		{CEE9867F-B3A4-45BA-8806-6069840D4E12}.Debug|Any CPU.Build.0 = Debug|Any CPU
		{CEE9867F-B3A4-45BA-8806-6069840D4E12}.Release|Any CPU.ActiveCfg = Release|Any CPU
		{CEE9867F-B3A4-45BA-8806-6069840D4E12}.Release|Any CPU.Build.0 = Release|Any CPU
		{6605D30A-3E94-4149-9F80-B766D103C15C}.Debug|Any CPU.ActiveCfg = Debug|Any CPU
		{6605D30A-3E94-4149-9F80-B766D103C15C}.Debug|Any CPU.Build.0 = Debug|Any CPU
		{6605D30A-3E94-4149-9F80-B766D103C15C}.Release|Any CPU.ActiveCfg = Release|Any CPU
		{6605D30A-3E94-4149-9F80-B766D103C15C}.Release|Any CPU.Build.0 = Release|Any CPU
		{6D69E89F-F93B-47BE-8F87-5D671294FBFA}.Debug|Any CPU.ActiveCfg = Debug|Any CPU
		{6D69E89F-F93B-47BE-8F87-5D671294FBFA}.Debug|Any CPU.Build.0 = Debug|Any CPU
		{6D69E89F-F93B-47BE-8F87-5D671294FBFA}.Release|Any CPU.ActiveCfg = Release|Any CPU
		{6D69E89F-F93B-47BE-8F87-5D671294FBFA}.Release|Any CPU.Build.0 = Release|Any CPU
		{A93BAB9D-AB43-42EA-B72B-B6FCFFA63A24}.Debug|Any CPU.ActiveCfg = Debug|Any CPU
		{A93BAB9D-AB43-42EA-B72B-B6FCFFA63A24}.Debug|Any CPU.Build.0 = Debug|Any CPU
		{A93BAB9D-AB43-42EA-B72B-B6FCFFA63A24}.Release|Any CPU.ActiveCfg = Release|Any CPU
		{A93BAB9D-AB43-42EA-B72B-B6FCFFA63A24}.Release|Any CPU.Build.0 = Release|Any CPU
		{867E4CED-EEBE-436F-9050-CE6D5270EF83}.Debug|Any CPU.ActiveCfg = Debug|Any CPU
		{867E4CED-EEBE-436F-9050-CE6D5270EF83}.Debug|Any CPU.Build.0 = Debug|Any CPU
		{867E4CED-EEBE-436F-9050-CE6D5270EF83}.Release|Any CPU.ActiveCfg = Release|Any CPU
		{867E4CED-EEBE-436F-9050-CE6D5270EF83}.Release|Any CPU.Build.0 = Release|Any CPU
		{B4560DBD-A754-43F7-982E-D33FFCEF0472}.Debug|Any CPU.ActiveCfg = Debug|Any CPU
		{B4560DBD-A754-43F7-982E-D33FFCEF0472}.Debug|Any CPU.Build.0 = Debug|Any CPU
		{B4560DBD-A754-43F7-982E-D33FFCEF0472}.Release|Any CPU.ActiveCfg = Release|Any CPU
		{B4560DBD-A754-43F7-982E-D33FFCEF0472}.Release|Any CPU.Build.0 = Release|Any CPU
		{23055946-03FB-489A-9EFB-CE90FC5BC33B}.Debug|Any CPU.ActiveCfg = Debug|Any CPU
		{23055946-03FB-489A-9EFB-CE90FC5BC33B}.Debug|Any CPU.Build.0 = Debug|Any CPU
		{23055946-03FB-489A-9EFB-CE90FC5BC33B}.Release|Any CPU.ActiveCfg = Release|Any CPU
		{23055946-03FB-489A-9EFB-CE90FC5BC33B}.Release|Any CPU.Build.0 = Release|Any CPU
		{72DA5080-7365-48C7-9C23-C2CCE6D52703}.Debug|Any CPU.ActiveCfg = Debug|Any CPU
		{72DA5080-7365-48C7-9C23-C2CCE6D52703}.Debug|Any CPU.Build.0 = Debug|Any CPU
		{72DA5080-7365-48C7-9C23-C2CCE6D52703}.Release|Any CPU.ActiveCfg = Release|Any CPU
		{72DA5080-7365-48C7-9C23-C2CCE6D52703}.Release|Any CPU.Build.0 = Release|Any CPU
		{5BA0AD12-DC91-44D6-941C-5294BA2C3FE8}.Debug|Any CPU.ActiveCfg = Debug|Any CPU
		{5BA0AD12-DC91-44D6-941C-5294BA2C3FE8}.Debug|Any CPU.Build.0 = Debug|Any CPU
		{5BA0AD12-DC91-44D6-941C-5294BA2C3FE8}.Release|Any CPU.ActiveCfg = Release|Any CPU
		{5BA0AD12-DC91-44D6-941C-5294BA2C3FE8}.Release|Any CPU.Build.0 = Release|Any CPU
		{B3C96824-F421-423A-A533-AB34FC89FADE}.Debug|Any CPU.ActiveCfg = Debug|Any CPU
		{B3C96824-F421-423A-A533-AB34FC89FADE}.Debug|Any CPU.Build.0 = Debug|Any CPU
		{B3C96824-F421-423A-A533-AB34FC89FADE}.Release|Any CPU.ActiveCfg = Release|Any CPU
		{B3C96824-F421-423A-A533-AB34FC89FADE}.Release|Any CPU.Build.0 = Release|Any CPU
		{7E2A80B7-CFFC-4AC8-AB23-10891034ABFA}.Debug|Any CPU.ActiveCfg = Debug|Any CPU
		{7E2A80B7-CFFC-4AC8-AB23-10891034ABFA}.Debug|Any CPU.Build.0 = Debug|Any CPU
		{7E2A80B7-CFFC-4AC8-AB23-10891034ABFA}.Release|Any CPU.ActiveCfg = Release|Any CPU
		{7E2A80B7-CFFC-4AC8-AB23-10891034ABFA}.Release|Any CPU.Build.0 = Release|Any CPU
		{EE57EE3F-66F4-44CB-BE4B-00AB181685D3}.Debug|Any CPU.ActiveCfg = Debug|Any CPU
		{EE57EE3F-66F4-44CB-BE4B-00AB181685D3}.Debug|Any CPU.Build.0 = Debug|Any CPU
		{EE57EE3F-66F4-44CB-BE4B-00AB181685D3}.Release|Any CPU.ActiveCfg = Release|Any CPU
		{EE57EE3F-66F4-44CB-BE4B-00AB181685D3}.Release|Any CPU.Build.0 = Release|Any CPU
		{782B2B93-6D24-4F64-9D74-BACECFDAA21A}.Debug|Any CPU.ActiveCfg = Debug|Any CPU
		{782B2B93-6D24-4F64-9D74-BACECFDAA21A}.Debug|Any CPU.Build.0 = Debug|Any CPU
		{782B2B93-6D24-4F64-9D74-BACECFDAA21A}.Release|Any CPU.ActiveCfg = Release|Any CPU
		{782B2B93-6D24-4F64-9D74-BACECFDAA21A}.Release|Any CPU.Build.0 = Release|Any CPU
		{17361B1C-283E-40D5-82F9-E8E80967A70D}.Debug|Any CPU.ActiveCfg = Debug|Any CPU
		{17361B1C-283E-40D5-82F9-E8E80967A70D}.Debug|Any CPU.Build.0 = Debug|Any CPU
		{17361B1C-283E-40D5-82F9-E8E80967A70D}.Release|Any CPU.ActiveCfg = Release|Any CPU
		{17361B1C-283E-40D5-82F9-E8E80967A70D}.Release|Any CPU.Build.0 = Release|Any CPU
		{E6E40D4E-2D31-4003-AE0A-D8A03A2E36E8}.Debug|Any CPU.ActiveCfg = Debug|Any CPU
		{E6E40D4E-2D31-4003-AE0A-D8A03A2E36E8}.Debug|Any CPU.Build.0 = Debug|Any CPU
		{E6E40D4E-2D31-4003-AE0A-D8A03A2E36E8}.Release|Any CPU.ActiveCfg = Release|Any CPU
		{E6E40D4E-2D31-4003-AE0A-D8A03A2E36E8}.Release|Any CPU.Build.0 = Release|Any CPU
		{AC431FB2-4C5D-4C58-8A32-86825B694FD2}.Debug|Any CPU.ActiveCfg = Debug|Any CPU
		{AC431FB2-4C5D-4C58-8A32-86825B694FD2}.Debug|Any CPU.Build.0 = Debug|Any CPU
		{AC431FB2-4C5D-4C58-8A32-86825B694FD2}.Release|Any CPU.ActiveCfg = Release|Any CPU
		{AC431FB2-4C5D-4C58-8A32-86825B694FD2}.Release|Any CPU.Build.0 = Release|Any CPU
		{6E782CB8-FC32-4F75-A57D-D84CC94163E5}.Debug|Any CPU.ActiveCfg = Debug|Any CPU
		{6E782CB8-FC32-4F75-A57D-D84CC94163E5}.Debug|Any CPU.Build.0 = Debug|Any CPU
		{6E782CB8-FC32-4F75-A57D-D84CC94163E5}.Release|Any CPU.ActiveCfg = Release|Any CPU
		{6E782CB8-FC32-4F75-A57D-D84CC94163E5}.Release|Any CPU.Build.0 = Release|Any CPU
		{AAA021BF-EE43-4BD6-A1BC-6B64A0285E7A}.Debug|Any CPU.ActiveCfg = Debug|Any CPU
		{AAA021BF-EE43-4BD6-A1BC-6B64A0285E7A}.Debug|Any CPU.Build.0 = Debug|Any CPU
		{AAA021BF-EE43-4BD6-A1BC-6B64A0285E7A}.Release|Any CPU.ActiveCfg = Release|Any CPU
		{AAA021BF-EE43-4BD6-A1BC-6B64A0285E7A}.Release|Any CPU.Build.0 = Release|Any CPU
		{ADAC3FB7-C7C7-4B25-A7C8-6DEADB1CF040}.Debug|Any CPU.ActiveCfg = Debug|Any CPU
		{ADAC3FB7-C7C7-4B25-A7C8-6DEADB1CF040}.Debug|Any CPU.Build.0 = Debug|Any CPU
		{ADAC3FB7-C7C7-4B25-A7C8-6DEADB1CF040}.Release|Any CPU.ActiveCfg = Release|Any CPU
		{ADAC3FB7-C7C7-4B25-A7C8-6DEADB1CF040}.Release|Any CPU.Build.0 = Release|Any CPU
		{D1C714DA-BE29-4715-9713-060ADEE324A2}.Debug|Any CPU.ActiveCfg = Debug|Any CPU
		{D1C714DA-BE29-4715-9713-060ADEE324A2}.Debug|Any CPU.Build.0 = Debug|Any CPU
		{D1C714DA-BE29-4715-9713-060ADEE324A2}.Release|Any CPU.ActiveCfg = Release|Any CPU
		{D1C714DA-BE29-4715-9713-060ADEE324A2}.Release|Any CPU.Build.0 = Release|Any CPU
		{BB5B01E9-764A-45FF-A0A2-83031B374116}.Debug|Any CPU.ActiveCfg = Debug|Any CPU
		{BB5B01E9-764A-45FF-A0A2-83031B374116}.Debug|Any CPU.Build.0 = Debug|Any CPU
		{BB5B01E9-764A-45FF-A0A2-83031B374116}.Release|Any CPU.ActiveCfg = Release|Any CPU
		{BB5B01E9-764A-45FF-A0A2-83031B374116}.Release|Any CPU.Build.0 = Release|Any CPU
		{BD52DA71-8B18-4463-976F-775D6DA8A540}.Debug|Any CPU.ActiveCfg = Debug|Any CPU
		{BD52DA71-8B18-4463-976F-775D6DA8A540}.Debug|Any CPU.Build.0 = Debug|Any CPU
		{BD52DA71-8B18-4463-976F-775D6DA8A540}.Release|Any CPU.ActiveCfg = Release|Any CPU
		{BD52DA71-8B18-4463-976F-775D6DA8A540}.Release|Any CPU.Build.0 = Release|Any CPU
		{F0ED1466-FE79-442E-AD26-524C131EB8C2}.Debug|Any CPU.ActiveCfg = Debug|Any CPU
		{F0ED1466-FE79-442E-AD26-524C131EB8C2}.Debug|Any CPU.Build.0 = Debug|Any CPU
		{F0ED1466-FE79-442E-AD26-524C131EB8C2}.Release|Any CPU.ActiveCfg = Release|Any CPU
		{F0ED1466-FE79-442E-AD26-524C131EB8C2}.Release|Any CPU.Build.0 = Release|Any CPU
		{737ACF33-4A68-4479-9E76-F5A5038A544F}.Debug|Any CPU.ActiveCfg = Debug|Any CPU
		{737ACF33-4A68-4479-9E76-F5A5038A544F}.Debug|Any CPU.Build.0 = Debug|Any CPU
		{737ACF33-4A68-4479-9E76-F5A5038A544F}.Release|Any CPU.ActiveCfg = Release|Any CPU
		{737ACF33-4A68-4479-9E76-F5A5038A544F}.Release|Any CPU.Build.0 = Release|Any CPU
		{011D8B40-99B5-4658-A5F7-9D8953A445A1}.Debug|Any CPU.ActiveCfg = Debug|Any CPU
		{011D8B40-99B5-4658-A5F7-9D8953A445A1}.Debug|Any CPU.Build.0 = Debug|Any CPU
		{011D8B40-99B5-4658-A5F7-9D8953A445A1}.Release|Any CPU.ActiveCfg = Release|Any CPU
		{011D8B40-99B5-4658-A5F7-9D8953A445A1}.Release|Any CPU.Build.0 = Release|Any CPU
		{CA263411-9320-4B3A-B8EE-9B3A1DFF032D}.Debug|Any CPU.ActiveCfg = Debug|Any CPU
		{CA263411-9320-4B3A-B8EE-9B3A1DFF032D}.Debug|Any CPU.Build.0 = Debug|Any CPU
		{CA263411-9320-4B3A-B8EE-9B3A1DFF032D}.Release|Any CPU.ActiveCfg = Release|Any CPU
		{CA263411-9320-4B3A-B8EE-9B3A1DFF032D}.Release|Any CPU.Build.0 = Release|Any CPU
		{29824DD8-2AF8-45E6-9459-689EDEE07EC1}.Debug|Any CPU.ActiveCfg = Debug|Any CPU
		{29824DD8-2AF8-45E6-9459-689EDEE07EC1}.Debug|Any CPU.Build.0 = Debug|Any CPU
		{29824DD8-2AF8-45E6-9459-689EDEE07EC1}.Release|Any CPU.ActiveCfg = Release|Any CPU
		{29824DD8-2AF8-45E6-9459-689EDEE07EC1}.Release|Any CPU.Build.0 = Release|Any CPU
		{F3286297-C5FD-45FA-9F9A-555B01991092}.Debug|Any CPU.ActiveCfg = Debug|Any CPU
		{F3286297-C5FD-45FA-9F9A-555B01991092}.Debug|Any CPU.Build.0 = Debug|Any CPU
		{F3286297-C5FD-45FA-9F9A-555B01991092}.Release|Any CPU.ActiveCfg = Release|Any CPU
		{F3286297-C5FD-45FA-9F9A-555B01991092}.Release|Any CPU.Build.0 = Release|Any CPU
		{D9A92514-0AB4-4D88-BA15-B32D34252968}.Debug|Any CPU.ActiveCfg = Debug|Any CPU
		{D9A92514-0AB4-4D88-BA15-B32D34252968}.Debug|Any CPU.Build.0 = Debug|Any CPU
		{D9A92514-0AB4-4D88-BA15-B32D34252968}.Release|Any CPU.ActiveCfg = Release|Any CPU
		{D9A92514-0AB4-4D88-BA15-B32D34252968}.Release|Any CPU.Build.0 = Release|Any CPU
		{A51C4E53-ECC6-410F-A659-9752EA67C0FB}.Debug|Any CPU.ActiveCfg = Debug|Any CPU
		{A51C4E53-ECC6-410F-A659-9752EA67C0FB}.Debug|Any CPU.Build.0 = Debug|Any CPU
		{A51C4E53-ECC6-410F-A659-9752EA67C0FB}.Release|Any CPU.ActiveCfg = Release|Any CPU
		{A51C4E53-ECC6-410F-A659-9752EA67C0FB}.Release|Any CPU.Build.0 = Release|Any CPU
		{9839AE03-DB9E-456A-ABA3-0FE7CBE67B73}.Debug|Any CPU.ActiveCfg = Debug|Any CPU
		{9839AE03-DB9E-456A-ABA3-0FE7CBE67B73}.Debug|Any CPU.Build.0 = Debug|Any CPU
		{9839AE03-DB9E-456A-ABA3-0FE7CBE67B73}.Release|Any CPU.ActiveCfg = Release|Any CPU
		{9839AE03-DB9E-456A-ABA3-0FE7CBE67B73}.Release|Any CPU.Build.0 = Release|Any CPU
		{41C0036A-207D-476F-9198-48C2DE7A8759}.Debug|Any CPU.ActiveCfg = Debug|Any CPU
		{41C0036A-207D-476F-9198-48C2DE7A8759}.Debug|Any CPU.Build.0 = Debug|Any CPU
		{41C0036A-207D-476F-9198-48C2DE7A8759}.Release|Any CPU.ActiveCfg = Release|Any CPU
		{41C0036A-207D-476F-9198-48C2DE7A8759}.Release|Any CPU.Build.0 = Release|Any CPU
		{3B8AEBAA-3940-4EFC-9E2A-919EB4C965FE}.Debug|Any CPU.ActiveCfg = Debug|Any CPU
		{3B8AEBAA-3940-4EFC-9E2A-919EB4C965FE}.Debug|Any CPU.Build.0 = Debug|Any CPU
		{3B8AEBAA-3940-4EFC-9E2A-919EB4C965FE}.Release|Any CPU.ActiveCfg = Release|Any CPU
		{3B8AEBAA-3940-4EFC-9E2A-919EB4C965FE}.Release|Any CPU.Build.0 = Release|Any CPU
		{A324F0AA-CE3C-4F69-8962-E7D118C77C4C}.Debug|Any CPU.ActiveCfg = Debug|Any CPU
		{A324F0AA-CE3C-4F69-8962-E7D118C77C4C}.Debug|Any CPU.Build.0 = Debug|Any CPU
		{A324F0AA-CE3C-4F69-8962-E7D118C77C4C}.Release|Any CPU.ActiveCfg = Release|Any CPU
		{A324F0AA-CE3C-4F69-8962-E7D118C77C4C}.Release|Any CPU.Build.0 = Release|Any CPU
		{8FBF9D3B-189A-4472-9072-9184D87B9762}.Debug|Any CPU.ActiveCfg = Debug|Any CPU
		{8FBF9D3B-189A-4472-9072-9184D87B9762}.Debug|Any CPU.Build.0 = Debug|Any CPU
		{8FBF9D3B-189A-4472-9072-9184D87B9762}.Release|Any CPU.ActiveCfg = Release|Any CPU
		{8FBF9D3B-189A-4472-9072-9184D87B9762}.Release|Any CPU.Build.0 = Release|Any CPU
		{71A992EB-6DCB-4069-A7A3-FF6C2B1E3C41}.Debug|Any CPU.ActiveCfg = Debug|Any CPU
		{71A992EB-6DCB-4069-A7A3-FF6C2B1E3C41}.Debug|Any CPU.Build.0 = Debug|Any CPU
		{71A992EB-6DCB-4069-A7A3-FF6C2B1E3C41}.Release|Any CPU.ActiveCfg = Release|Any CPU
		{71A992EB-6DCB-4069-A7A3-FF6C2B1E3C41}.Release|Any CPU.Build.0 = Release|Any CPU
		{16723A60-B4C3-4F50-8DC7-8B4A0C0FBFEE}.Debug|Any CPU.ActiveCfg = Debug|Any CPU
		{16723A60-B4C3-4F50-8DC7-8B4A0C0FBFEE}.Debug|Any CPU.Build.0 = Debug|Any CPU
		{16723A60-B4C3-4F50-8DC7-8B4A0C0FBFEE}.Release|Any CPU.ActiveCfg = Release|Any CPU
		{16723A60-B4C3-4F50-8DC7-8B4A0C0FBFEE}.Release|Any CPU.Build.0 = Release|Any CPU
		{98A193B5-934D-4595-9412-B41989ACB816}.Debug|Any CPU.ActiveCfg = Debug|Any CPU
		{98A193B5-934D-4595-9412-B41989ACB816}.Debug|Any CPU.Build.0 = Debug|Any CPU
		{98A193B5-934D-4595-9412-B41989ACB816}.Release|Any CPU.ActiveCfg = Release|Any CPU
		{98A193B5-934D-4595-9412-B41989ACB816}.Release|Any CPU.Build.0 = Release|Any CPU
		{B1FAEA0B-726B-4776-81BF-E84C3B187FDC}.Debug|Any CPU.ActiveCfg = Debug|Any CPU
		{B1FAEA0B-726B-4776-81BF-E84C3B187FDC}.Debug|Any CPU.Build.0 = Debug|Any CPU
		{B1FAEA0B-726B-4776-81BF-E84C3B187FDC}.Release|Any CPU.ActiveCfg = Release|Any CPU
		{B1FAEA0B-726B-4776-81BF-E84C3B187FDC}.Release|Any CPU.Build.0 = Release|Any CPU
		{5DF5E055-A55E-4BFA-9CC1-475B87EB402D}.Debug|Any CPU.ActiveCfg = Debug|Any CPU
		{5DF5E055-A55E-4BFA-9CC1-475B87EB402D}.Debug|Any CPU.Build.0 = Debug|Any CPU
		{5DF5E055-A55E-4BFA-9CC1-475B87EB402D}.Release|Any CPU.ActiveCfg = Release|Any CPU
		{5DF5E055-A55E-4BFA-9CC1-475B87EB402D}.Release|Any CPU.Build.0 = Release|Any CPU
		{D03F4320-98EA-473F-9EF1-27C2ADB1E8DA}.Debug|Any CPU.ActiveCfg = Debug|Any CPU
		{D03F4320-98EA-473F-9EF1-27C2ADB1E8DA}.Debug|Any CPU.Build.0 = Debug|Any CPU
		{D03F4320-98EA-473F-9EF1-27C2ADB1E8DA}.Release|Any CPU.ActiveCfg = Release|Any CPU
		{D03F4320-98EA-473F-9EF1-27C2ADB1E8DA}.Release|Any CPU.Build.0 = Release|Any CPU
		{50C1E6C9-F8DD-49EF-9F8E-F2468A3D8457}.Debug|Any CPU.ActiveCfg = Debug|Any CPU
		{50C1E6C9-F8DD-49EF-9F8E-F2468A3D8457}.Debug|Any CPU.Build.0 = Debug|Any CPU
		{50C1E6C9-F8DD-49EF-9F8E-F2468A3D8457}.Release|Any CPU.ActiveCfg = Release|Any CPU
		{50C1E6C9-F8DD-49EF-9F8E-F2468A3D8457}.Release|Any CPU.Build.0 = Release|Any CPU
		{1ECD83C0-3699-49FF-8EDD-9F6A14D177FE}.Debug|Any CPU.ActiveCfg = Debug|Any CPU
		{1ECD83C0-3699-49FF-8EDD-9F6A14D177FE}.Debug|Any CPU.Build.0 = Debug|Any CPU
		{1ECD83C0-3699-49FF-8EDD-9F6A14D177FE}.Release|Any CPU.ActiveCfg = Release|Any CPU
		{1ECD83C0-3699-49FF-8EDD-9F6A14D177FE}.Release|Any CPU.Build.0 = Release|Any CPU
		{428501CB-BFEA-455F-8177-310A3604CBFB}.Debug|Any CPU.ActiveCfg = Debug|Any CPU
		{428501CB-BFEA-455F-8177-310A3604CBFB}.Debug|Any CPU.Build.0 = Debug|Any CPU
		{428501CB-BFEA-455F-8177-310A3604CBFB}.Release|Any CPU.ActiveCfg = Release|Any CPU
		{428501CB-BFEA-455F-8177-310A3604CBFB}.Release|Any CPU.Build.0 = Release|Any CPU
		{40BE7966-AA2D-4FC2-8058-5985100C37D7}.Debug|Any CPU.ActiveCfg = Debug|Any CPU
		{40BE7966-AA2D-4FC2-8058-5985100C37D7}.Debug|Any CPU.Build.0 = Debug|Any CPU
		{40BE7966-AA2D-4FC2-8058-5985100C37D7}.Release|Any CPU.ActiveCfg = Release|Any CPU
		{40BE7966-AA2D-4FC2-8058-5985100C37D7}.Release|Any CPU.Build.0 = Release|Any CPU
		{49221505-D816-48B3-8BFE-100F0BA5A9A9}.Debug|Any CPU.ActiveCfg = Debug|Any CPU
		{49221505-D816-48B3-8BFE-100F0BA5A9A9}.Debug|Any CPU.Build.0 = Debug|Any CPU
		{49221505-D816-48B3-8BFE-100F0BA5A9A9}.Release|Any CPU.ActiveCfg = Release|Any CPU
		{49221505-D816-48B3-8BFE-100F0BA5A9A9}.Release|Any CPU.Build.0 = Release|Any CPU
		{D54981DE-4A7A-4376-8B03-34C4AFC9F49C}.Debug|Any CPU.ActiveCfg = Debug|Any CPU
		{D54981DE-4A7A-4376-8B03-34C4AFC9F49C}.Debug|Any CPU.Build.0 = Debug|Any CPU
		{D54981DE-4A7A-4376-8B03-34C4AFC9F49C}.Release|Any CPU.ActiveCfg = Release|Any CPU
		{D54981DE-4A7A-4376-8B03-34C4AFC9F49C}.Release|Any CPU.Build.0 = Release|Any CPU
		{DFDA90A4-A45E-44BA-80EA-D0CBFD54F765}.Debug|Any CPU.ActiveCfg = Debug|Any CPU
		{DFDA90A4-A45E-44BA-80EA-D0CBFD54F765}.Debug|Any CPU.Build.0 = Debug|Any CPU
		{DFDA90A4-A45E-44BA-80EA-D0CBFD54F765}.Release|Any CPU.ActiveCfg = Release|Any CPU
		{DFDA90A4-A45E-44BA-80EA-D0CBFD54F765}.Release|Any CPU.Build.0 = Release|Any CPU
		{4E1533DF-5134-4799-BC0D-E71D77B8C05D}.Debug|Any CPU.ActiveCfg = Debug|Any CPU
		{4E1533DF-5134-4799-BC0D-E71D77B8C05D}.Debug|Any CPU.Build.0 = Debug|Any CPU
		{4E1533DF-5134-4799-BC0D-E71D77B8C05D}.Release|Any CPU.ActiveCfg = Release|Any CPU
		{4E1533DF-5134-4799-BC0D-E71D77B8C05D}.Release|Any CPU.Build.0 = Release|Any CPU
		{CE40E7F3-1292-4179-A76D-9AC618085390}.Debug|Any CPU.ActiveCfg = Debug|Any CPU
		{CE40E7F3-1292-4179-A76D-9AC618085390}.Debug|Any CPU.Build.0 = Debug|Any CPU
		{CE40E7F3-1292-4179-A76D-9AC618085390}.Release|Any CPU.ActiveCfg = Release|Any CPU
		{CE40E7F3-1292-4179-A76D-9AC618085390}.Release|Any CPU.Build.0 = Release|Any CPU
		{E2989D4A-EC53-45CA-BAF2-2B349FB85A52}.Debug|Any CPU.ActiveCfg = Debug|Any CPU
		{E2989D4A-EC53-45CA-BAF2-2B349FB85A52}.Debug|Any CPU.Build.0 = Debug|Any CPU
		{E2989D4A-EC53-45CA-BAF2-2B349FB85A52}.Release|Any CPU.ActiveCfg = Release|Any CPU
		{E2989D4A-EC53-45CA-BAF2-2B349FB85A52}.Release|Any CPU.Build.0 = Release|Any CPU
		{2B9A4534-9715-46EF-B469-8F5EC68303C7}.Debug|Any CPU.ActiveCfg = Debug|Any CPU
		{2B9A4534-9715-46EF-B469-8F5EC68303C7}.Debug|Any CPU.Build.0 = Debug|Any CPU
		{2B9A4534-9715-46EF-B469-8F5EC68303C7}.Release|Any CPU.ActiveCfg = Release|Any CPU
		{2B9A4534-9715-46EF-B469-8F5EC68303C7}.Release|Any CPU.Build.0 = Release|Any CPU
		{ABF7C99A-CE7E-4FA3-9B04-2534D5F59281}.Debug|Any CPU.ActiveCfg = Debug|Any CPU
		{ABF7C99A-CE7E-4FA3-9B04-2534D5F59281}.Debug|Any CPU.Build.0 = Debug|Any CPU
		{ABF7C99A-CE7E-4FA3-9B04-2534D5F59281}.Release|Any CPU.ActiveCfg = Release|Any CPU
		{ABF7C99A-CE7E-4FA3-9B04-2534D5F59281}.Release|Any CPU.Build.0 = Release|Any CPU
		{3E7E1DC7-BB05-43AE-8DC8-2E6F4BBB312B}.Debug|Any CPU.ActiveCfg = Debug|Any CPU
		{3E7E1DC7-BB05-43AE-8DC8-2E6F4BBB312B}.Debug|Any CPU.Build.0 = Debug|Any CPU
		{3E7E1DC7-BB05-43AE-8DC8-2E6F4BBB312B}.Release|Any CPU.ActiveCfg = Release|Any CPU
		{3E7E1DC7-BB05-43AE-8DC8-2E6F4BBB312B}.Release|Any CPU.Build.0 = Release|Any CPU
		{5ABDDBAC-6A33-4CEF-8ECE-313DF828B8E7}.Debug|Any CPU.ActiveCfg = Debug|Any CPU
		{5ABDDBAC-6A33-4CEF-8ECE-313DF828B8E7}.Debug|Any CPU.Build.0 = Debug|Any CPU
		{5ABDDBAC-6A33-4CEF-8ECE-313DF828B8E7}.Release|Any CPU.ActiveCfg = Release|Any CPU
		{5ABDDBAC-6A33-4CEF-8ECE-313DF828B8E7}.Release|Any CPU.Build.0 = Release|Any CPU
		{7D51B271-E239-40C0-9BEF-92D07C72A0BF}.Debug|Any CPU.ActiveCfg = Debug|Any CPU
		{7D51B271-E239-40C0-9BEF-92D07C72A0BF}.Debug|Any CPU.Build.0 = Debug|Any CPU
		{7D51B271-E239-40C0-9BEF-92D07C72A0BF}.Release|Any CPU.ActiveCfg = Release|Any CPU
		{7D51B271-E239-40C0-9BEF-92D07C72A0BF}.Release|Any CPU.Build.0 = Release|Any CPU
		{D05596E1-DF38-49D8-838A-56B4DE29142A}.Debug|Any CPU.ActiveCfg = Debug|Any CPU
		{D05596E1-DF38-49D8-838A-56B4DE29142A}.Debug|Any CPU.Build.0 = Debug|Any CPU
		{D05596E1-DF38-49D8-838A-56B4DE29142A}.Release|Any CPU.ActiveCfg = Release|Any CPU
		{D05596E1-DF38-49D8-838A-56B4DE29142A}.Release|Any CPU.Build.0 = Release|Any CPU
		{8610DB14-117F-48E6-956B-C09A2C59B4E8}.Debug|Any CPU.ActiveCfg = Debug|Any CPU
		{8610DB14-117F-48E6-956B-C09A2C59B4E8}.Debug|Any CPU.Build.0 = Debug|Any CPU
		{8610DB14-117F-48E6-956B-C09A2C59B4E8}.Release|Any CPU.ActiveCfg = Release|Any CPU
		{8610DB14-117F-48E6-956B-C09A2C59B4E8}.Release|Any CPU.Build.0 = Release|Any CPU
		{AE032559-3118-48A7-9A96-C7D908F1BEA0}.Debug|Any CPU.ActiveCfg = Debug|Any CPU
		{AE032559-3118-48A7-9A96-C7D908F1BEA0}.Debug|Any CPU.Build.0 = Debug|Any CPU
		{AE032559-3118-48A7-9A96-C7D908F1BEA0}.Release|Any CPU.ActiveCfg = Release|Any CPU
		{AE032559-3118-48A7-9A96-C7D908F1BEA0}.Release|Any CPU.Build.0 = Release|Any CPU
		{C9FD3BDE-5D44-4EC3-A3AE-25D83B2DAAC8}.Debug|Any CPU.ActiveCfg = Debug|Any CPU
		{C9FD3BDE-5D44-4EC3-A3AE-25D83B2DAAC8}.Debug|Any CPU.Build.0 = Debug|Any CPU
		{C9FD3BDE-5D44-4EC3-A3AE-25D83B2DAAC8}.Release|Any CPU.ActiveCfg = Release|Any CPU
		{C9FD3BDE-5D44-4EC3-A3AE-25D83B2DAAC8}.Release|Any CPU.Build.0 = Release|Any CPU
		{AD0F1118-A7F1-4573-9643-31804F52E376}.Debug|Any CPU.ActiveCfg = Debug|Any CPU
		{AD0F1118-A7F1-4573-9643-31804F52E376}.Debug|Any CPU.Build.0 = Debug|Any CPU
		{AD0F1118-A7F1-4573-9643-31804F52E376}.Release|Any CPU.ActiveCfg = Release|Any CPU
		{AD0F1118-A7F1-4573-9643-31804F52E376}.Release|Any CPU.Build.0 = Release|Any CPU
		{3CFFE9B5-8038-46FF-B9A4-E45E29665736}.Debug|Any CPU.ActiveCfg = Debug|Any CPU
		{3CFFE9B5-8038-46FF-B9A4-E45E29665736}.Debug|Any CPU.Build.0 = Debug|Any CPU
		{3CFFE9B5-8038-46FF-B9A4-E45E29665736}.Release|Any CPU.ActiveCfg = Release|Any CPU
		{3CFFE9B5-8038-46FF-B9A4-E45E29665736}.Release|Any CPU.Build.0 = Release|Any CPU
		{05BECADB-C882-4DEE-B7E6-C420B362277F}.Debug|Any CPU.ActiveCfg = Debug|Any CPU
		{05BECADB-C882-4DEE-B7E6-C420B362277F}.Debug|Any CPU.Build.0 = Debug|Any CPU
		{05BECADB-C882-4DEE-B7E6-C420B362277F}.Release|Any CPU.ActiveCfg = Release|Any CPU
		{05BECADB-C882-4DEE-B7E6-C420B362277F}.Release|Any CPU.Build.0 = Release|Any CPU
		{94B534F7-E7E4-4FB7-9698-14290C142049}.Debug|Any CPU.ActiveCfg = Debug|Any CPU
		{94B534F7-E7E4-4FB7-9698-14290C142049}.Debug|Any CPU.Build.0 = Debug|Any CPU
		{94B534F7-E7E4-4FB7-9698-14290C142049}.Release|Any CPU.ActiveCfg = Release|Any CPU
		{94B534F7-E7E4-4FB7-9698-14290C142049}.Release|Any CPU.Build.0 = Release|Any CPU
		{55C435D5-67EC-4526-B349-D808A3AF20BC}.Debug|Any CPU.ActiveCfg = Debug|Any CPU
		{55C435D5-67EC-4526-B349-D808A3AF20BC}.Debug|Any CPU.Build.0 = Debug|Any CPU
		{55C435D5-67EC-4526-B349-D808A3AF20BC}.Release|Any CPU.ActiveCfg = Release|Any CPU
		{55C435D5-67EC-4526-B349-D808A3AF20BC}.Release|Any CPU.Build.0 = Release|Any CPU
		{470DD3F7-A8F7-40B5-82DC-A0988E441C74}.Debug|Any CPU.ActiveCfg = Debug|Any CPU
		{470DD3F7-A8F7-40B5-82DC-A0988E441C74}.Debug|Any CPU.Build.0 = Debug|Any CPU
		{470DD3F7-A8F7-40B5-82DC-A0988E441C74}.Release|Any CPU.ActiveCfg = Release|Any CPU
		{470DD3F7-A8F7-40B5-82DC-A0988E441C74}.Release|Any CPU.Build.0 = Release|Any CPU
		{018164B5-15CE-44D1-A946-73664B5BF0A6}.Debug|Any CPU.ActiveCfg = Debug|Any CPU
		{018164B5-15CE-44D1-A946-73664B5BF0A6}.Debug|Any CPU.Build.0 = Debug|Any CPU
		{018164B5-15CE-44D1-A946-73664B5BF0A6}.Release|Any CPU.ActiveCfg = Release|Any CPU
		{018164B5-15CE-44D1-A946-73664B5BF0A6}.Release|Any CPU.Build.0 = Release|Any CPU
		{E4C82CDD-8AF6-4D9A-8AFB-ADCD850D7BDB}.Debug|Any CPU.ActiveCfg = Debug|Any CPU
		{E4C82CDD-8AF6-4D9A-8AFB-ADCD850D7BDB}.Debug|Any CPU.Build.0 = Debug|Any CPU
		{E4C82CDD-8AF6-4D9A-8AFB-ADCD850D7BDB}.Release|Any CPU.ActiveCfg = Release|Any CPU
		{E4C82CDD-8AF6-4D9A-8AFB-ADCD850D7BDB}.Release|Any CPU.Build.0 = Release|Any CPU
		{E59A7BFE-AC0A-47A0-A8D0-D4D8F197FDB7}.Debug|Any CPU.ActiveCfg = Debug|Any CPU
		{E59A7BFE-AC0A-47A0-A8D0-D4D8F197FDB7}.Debug|Any CPU.Build.0 = Debug|Any CPU
		{E59A7BFE-AC0A-47A0-A8D0-D4D8F197FDB7}.Release|Any CPU.ActiveCfg = Release|Any CPU
		{E59A7BFE-AC0A-47A0-A8D0-D4D8F197FDB7}.Release|Any CPU.Build.0 = Release|Any CPU
		{1B9D9A9A-3D81-48BE-95CE-8F805E3637AE}.Debug|Any CPU.ActiveCfg = Debug|Any CPU
		{1B9D9A9A-3D81-48BE-95CE-8F805E3637AE}.Debug|Any CPU.Build.0 = Debug|Any CPU
		{1B9D9A9A-3D81-48BE-95CE-8F805E3637AE}.Release|Any CPU.ActiveCfg = Release|Any CPU
		{1B9D9A9A-3D81-48BE-95CE-8F805E3637AE}.Release|Any CPU.Build.0 = Release|Any CPU
		{8B9273B4-DB9C-4D25-9AEA-037212B07443}.Debug|Any CPU.ActiveCfg = Debug|Any CPU
		{8B9273B4-DB9C-4D25-9AEA-037212B07443}.Debug|Any CPU.Build.0 = Debug|Any CPU
		{8B9273B4-DB9C-4D25-9AEA-037212B07443}.Release|Any CPU.ActiveCfg = Release|Any CPU
		{8B9273B4-DB9C-4D25-9AEA-037212B07443}.Release|Any CPU.Build.0 = Release|Any CPU
		{3FF70A7C-9B49-4379-A0CE-3C1D080BF119}.Debug|Any CPU.ActiveCfg = Debug|Any CPU
		{3FF70A7C-9B49-4379-A0CE-3C1D080BF119}.Debug|Any CPU.Build.0 = Debug|Any CPU
		{3FF70A7C-9B49-4379-A0CE-3C1D080BF119}.Release|Any CPU.ActiveCfg = Release|Any CPU
		{3FF70A7C-9B49-4379-A0CE-3C1D080BF119}.Release|Any CPU.Build.0 = Release|Any CPU
		{26A57841-00DA-44F8-9455-F3501F1B57C7}.Debug|Any CPU.ActiveCfg = Debug|Any CPU
		{26A57841-00DA-44F8-9455-F3501F1B57C7}.Debug|Any CPU.Build.0 = Debug|Any CPU
		{26A57841-00DA-44F8-9455-F3501F1B57C7}.Release|Any CPU.ActiveCfg = Release|Any CPU
		{26A57841-00DA-44F8-9455-F3501F1B57C7}.Release|Any CPU.Build.0 = Release|Any CPU
		{1599BF12-F5CB-46E4-9148-A302525B1D5A}.Debug|Any CPU.ActiveCfg = Debug|Any CPU
		{1599BF12-F5CB-46E4-9148-A302525B1D5A}.Debug|Any CPU.Build.0 = Debug|Any CPU
		{1599BF12-F5CB-46E4-9148-A302525B1D5A}.Release|Any CPU.ActiveCfg = Release|Any CPU
		{1599BF12-F5CB-46E4-9148-A302525B1D5A}.Release|Any CPU.Build.0 = Release|Any CPU
		{895F34D0-957A-44D2-AD7B-5B0C7C3FC1C4}.Debug|Any CPU.ActiveCfg = Debug|Any CPU
		{895F34D0-957A-44D2-AD7B-5B0C7C3FC1C4}.Debug|Any CPU.Build.0 = Debug|Any CPU
		{895F34D0-957A-44D2-AD7B-5B0C7C3FC1C4}.Release|Any CPU.ActiveCfg = Release|Any CPU
		{895F34D0-957A-44D2-AD7B-5B0C7C3FC1C4}.Release|Any CPU.Build.0 = Release|Any CPU
		{E5563C07-40EB-4BFB-BA08-AF61B6DD4403}.Debug|Any CPU.ActiveCfg = Debug|Any CPU
		{E5563C07-40EB-4BFB-BA08-AF61B6DD4403}.Debug|Any CPU.Build.0 = Debug|Any CPU
		{E5563C07-40EB-4BFB-BA08-AF61B6DD4403}.Release|Any CPU.ActiveCfg = Release|Any CPU
		{E5563C07-40EB-4BFB-BA08-AF61B6DD4403}.Release|Any CPU.Build.0 = Release|Any CPU
		{FD5D7C8D-5337-4BE1-8AF5-1C1BFA78DE71}.Debug|Any CPU.ActiveCfg = Debug|Any CPU
		{FD5D7C8D-5337-4BE1-8AF5-1C1BFA78DE71}.Debug|Any CPU.Build.0 = Debug|Any CPU
		{FD5D7C8D-5337-4BE1-8AF5-1C1BFA78DE71}.Release|Any CPU.ActiveCfg = Release|Any CPU
		{FD5D7C8D-5337-4BE1-8AF5-1C1BFA78DE71}.Release|Any CPU.Build.0 = Release|Any CPU
		{0B459227-43D6-45B0-9FCD-04A4DBAC4227}.Debug|Any CPU.ActiveCfg = Debug|Any CPU
		{0B459227-43D6-45B0-9FCD-04A4DBAC4227}.Debug|Any CPU.Build.0 = Debug|Any CPU
		{0B459227-43D6-45B0-9FCD-04A4DBAC4227}.Release|Any CPU.ActiveCfg = Release|Any CPU
		{0B459227-43D6-45B0-9FCD-04A4DBAC4227}.Release|Any CPU.Build.0 = Release|Any CPU
	EndGlobalSection
	GlobalSection(SolutionProperties) = preSolution
		HideSolutionNode = FALSE
	EndGlobalSection
	GlobalSection(ExtensibilityGlobals) = postSolution
		SolutionGuid = {5374141C-7341-4EEF-9866-4109EC279947}
	EndGlobalSection
EndGlobal
