
Microsoft Visual Studio Solution File, Format Version 12.00
# Visual Studio Version 17
VisualStudioVersion = 17.2.32630.192
MinimumVisualStudioVersion = 10.0.40219.1
Project("{9A19103F-16F7-4668-BE54-9A1E7A4F7556}") = "R5T.L0040.Construction", "R5T.L0040.Construction\R5T.L0040.Construction.csproj", "{2A09EEE1-5A52-4F43-BE7C-30673992232F}"
EndProject
Project("{9A19103F-16F7-4668-BE54-9A1E7A4F7556}") = "R5T.L0040", "R5T.L0040\R5T.L0040.csproj", "{348ED5CB-D4AB-446D-8DC9-17AE3D0A2F17}"
EndProject
Global
	GlobalSection(SolutionConfigurationPlatforms) = preSolution
		Debug|Any CPU = Debug|Any CPU
		Release|Any CPU = Release|Any CPU
	EndGlobalSection
	GlobalSection(ProjectConfigurationPlatforms) = postSolution
		{2A09EEE1-5A52-4F43-BE7C-30673992232F}.Debug|Any CPU.ActiveCfg = Debug|Any CPU
		{2A09EEE1-5A52-4F43-BE7C-30673992232F}.Debug|Any CPU.Build.0 = Debug|Any CPU
		{2A09EEE1-5A52-4F43-BE7C-30673992232F}.Release|Any CPU.ActiveCfg = Release|Any CPU
		{2A09EEE1-5A52-4F43-BE7C-30673992232F}.Release|Any CPU.Build.0 = Release|Any CPU
		{348ED5CB-D4AB-446D-8DC9-17AE3D0A2F17}.Debug|Any CPU.ActiveCfg = Debug|Any CPU
		{348ED5CB-D4AB-446D-8DC9-17AE3D0A2F17}.Debug|Any CPU.Build.0 = Debug|Any CPU
		{348ED5CB-D4AB-446D-8DC9-17AE3D0A2F17}.Release|Any CPU.ActiveCfg = Release|Any CPU
		{348ED5CB-D4AB-446D-8DC9-17AE3D0A2F17}.Release|Any CPU.Build.0 = Release|Any CPU
	EndGlobalSection
	GlobalSection(SolutionProperties) = preSolution
		HideSolutionNode = FALSE
	EndGlobalSection
	GlobalSection(ExtensibilityGlobals) = postSolution
		SolutionGuid = {5374141C-7341-4EEF-9866-4109EC279947}
	EndGlobalSection
EndGlobal
